// !$*UTF8*$!
{
	archiveVersion = 1;
	classes = {
	};
	objectVersion = 55;
	objects = {

/* Begin PBXBuildFile section */
		5B0EA3C7288730CF009FAB90 /* AppDelegate.swift in Sources */ = {isa = PBXBuildFile; fileRef = 5B0EA3C6288730CF009FAB90 /* AppDelegate.swift */; };
		5B0EA3C9288730CF009FAB90 /* SceneDelegate.swift in Sources */ = {isa = PBXBuildFile; fileRef = 5B0EA3C8288730CF009FAB90 /* SceneDelegate.swift */; };
		5B0EA3D0288730D1009FAB90 /* Assets.xcassets in Resources */ = {isa = PBXBuildFile; fileRef = 5B0EA3CF288730D1009FAB90 /* Assets.xcassets */; };
		5B0EA3D3288730D1009FAB90 /* LaunchScreen.storyboard in Resources */ = {isa = PBXBuildFile; fileRef = 5B0EA3D1288730D1009FAB90 /* LaunchScreen.storyboard */; };
		5B0EA3DE288730D1009FAB90 /* CanTestItTests.swift in Sources */ = {isa = PBXBuildFile; fileRef = 5B0EA3DD288730D1009FAB90 /* CanTestItTests.swift */; };
		5B0EA3E8288730D1009FAB90 /* CanTestItUITests.swift in Sources */ = {isa = PBXBuildFile; fileRef = 5B0EA3E7288730D1009FAB90 /* CanTestItUITests.swift */; };
		5B0EA3EA288730D1009FAB90 /* CanTestItUITestsLaunchTests.swift in Sources */ = {isa = PBXBuildFile; fileRef = 5B0EA3E9288730D1009FAB90 /* CanTestItUITestsLaunchTests.swift */; };
		5B0EA3F7288731D1009FAB90 /* AppCoordinator.swift in Sources */ = {isa = PBXBuildFile; fileRef = 5B0EA3F6288731D1009FAB90 /* AppCoordinator.swift */; };
		5B0EA3FA2887322C009FAB90 /* Coordinator.swift in Sources */ = {isa = PBXBuildFile; fileRef = 5B0EA3F92887322C009FAB90 /* Coordinator.swift */; };
		5B0EA3FE28873505009FAB90 /* Request.swift in Sources */ = {isa = PBXBuildFile; fileRef = 5B0EA3FD28873505009FAB90 /* Request.swift */; };
		5B0EA40028873523009FAB90 /* APIClient.swift in Sources */ = {isa = PBXBuildFile; fileRef = 5B0EA3FF28873523009FAB90 /* APIClient.swift */; };
		5B0EA40228873872009FAB90 /* NetworkDispatcher.swift in Sources */ = {isa = PBXBuildFile; fileRef = 5B0EA40128873872009FAB90 /* NetworkDispatcher.swift */; };
		5B0EA4042887389D009FAB90 /* Encodable+Dictionary.swift in Sources */ = {isa = PBXBuildFile; fileRef = 5B0EA4032887389D009FAB90 /* Encodable+Dictionary.swift */; };
		5B0EA40728873A2C009FAB90 /* LoginView.swift in Sources */ = {isa = PBXBuildFile; fileRef = 5B0EA40628873A2C009FAB90 /* LoginView.swift */; };
		5B0EA40928873A38009FAB90 /* LoginViewModel.swift in Sources */ = {isa = PBXBuildFile; fileRef = 5B0EA40828873A38009FAB90 /* LoginViewModel.swift */; };
		5B0EA40C28873AD5009FAB90 /* IntroViewModel.swift in Sources */ = {isa = PBXBuildFile; fileRef = 5B0EA40B28873AD5009FAB90 /* IntroViewModel.swift */; };
		5B0EA40E28873AED009FAB90 /* IntroView.swift in Sources */ = {isa = PBXBuildFile; fileRef = 5B0EA40D28873AED009FAB90 /* IntroView.swift */; };
		5B0EA41028873CAB009FAB90 /* Logger.swift in Sources */ = {isa = PBXBuildFile; fileRef = 5B0EA40F28873CAB009FAB90 /* Logger.swift */; };
		5B0EA41228873EB7009FAB90 /* Color+Variables.swift in Sources */ = {isa = PBXBuildFile; fileRef = 5B0EA41128873EB7009FAB90 /* Color+Variables.swift */; };
		5B0EA41428873F44009FAB90 /* UIColor+Extension.swift in Sources */ = {isa = PBXBuildFile; fileRef = 5B0EA41328873F44009FAB90 /* UIColor+Extension.swift */; };
		5B0EA41628873F65009FAB90 /* UIColor+Variables.swift in Sources */ = {isa = PBXBuildFile; fileRef = 5B0EA41528873F65009FAB90 /* UIColor+Variables.swift */; };
		5B0EA4182887BBD3009FAB90 /* AppEngine.swift in Sources */ = {isa = PBXBuildFile; fileRef = 5B0EA4172887BBD3009FAB90 /* AppEngine.swift */; };
		5B0EA41A2887C545009FAB90 /* UIImage+Variables.swift in Sources */ = {isa = PBXBuildFile; fileRef = 5B0EA4192887C545009FAB90 /* UIImage+Variables.swift */; };
		5B0EA41C2887EFD9009FAB90 /* Localizable.strings in Resources */ = {isa = PBXBuildFile; fileRef = 5B0EA41B2887EFD9009FAB90 /* Localizable.strings */; };
		5B0EA41E2887F00B009FAB90 /* String+Extension.swift in Sources */ = {isa = PBXBuildFile; fileRef = 5B0EA41D2887F00B009FAB90 /* String+Extension.swift */; };
		5B0EA4202887FA6F009FAB90 /* CGFloat+Variables.swift in Sources */ = {isa = PBXBuildFile; fileRef = 5B0EA41F2887FA6F009FAB90 /* CGFloat+Variables.swift */; };
		5B0EA422288802F4009FAB90 /* Fonts.swift in Sources */ = {isa = PBXBuildFile; fileRef = 5B0EA421288802F4009FAB90 /* Fonts.swift */; };
		5B0EA42428880326009FAB90 /* Font+Extension.swift in Sources */ = {isa = PBXBuildFile; fileRef = 5B0EA42328880326009FAB90 /* Font+Extension.swift */; };
		5B0EA42628880345009FAB90 /* FontStyle.swift in Sources */ = {isa = PBXBuildFile; fileRef = 5B0EA42528880345009FAB90 /* FontStyle.swift */; };
		5B0EA4282888206F009FAB90 /* IntroCoordinator.swift in Sources */ = {isa = PBXBuildFile; fileRef = 5B0EA4272888206F009FAB90 /* IntroCoordinator.swift */; };
		5B0EA42A2888231B009FAB90 /* UserDefaultsMenager.swift in Sources */ = {isa = PBXBuildFile; fileRef = 5B0EA4292888231B009FAB90 /* UserDefaultsMenager.swift */; };
		5B0EA42C28883396009FAB90 /* LoginCoordinator.swift in Sources */ = {isa = PBXBuildFile; fileRef = 5B0EA42B28883396009FAB90 /* LoginCoordinator.swift */; };
		5B0EA42E28885300009FAB90 /* Placeholder.swift in Sources */ = {isa = PBXBuildFile; fileRef = 5B0EA42D28885300009FAB90 /* Placeholder.swift */; };
		5B0EA432288AB90B009FAB90 /* AttributedText.swift in Sources */ = {isa = PBXBuildFile; fileRef = 5B0EA431288AB90B009FAB90 /* AttributedText.swift */; };
		5B0EA434288AC3F2009FAB90 /* AppVariables.swift in Sources */ = {isa = PBXBuildFile; fileRef = 5B0EA433288AC3F2009FAB90 /* AppVariables.swift */; };
		5B0EA436288B2B57009FAB90 /* InputField.swift in Sources */ = {isa = PBXBuildFile; fileRef = 5B0EA435288B2B57009FAB90 /* InputField.swift */; };
		5B0EA438288B2F52009FAB90 /* UITextField+Extension.swift in Sources */ = {isa = PBXBuildFile; fileRef = 5B0EA437288B2F52009FAB90 /* UITextField+Extension.swift */; };
		5B0EA43A288C31EA009FAB90 /* TextFieldWithPadding.swift in Sources */ = {isa = PBXBuildFile; fileRef = 5B0EA439288C31EA009FAB90 /* TextFieldWithPadding.swift */; };
		5B0EA43D288C439E009FAB90 /* EventListViewController.swift in Sources */ = {isa = PBXBuildFile; fileRef = 5B0EA43C288C439E009FAB90 /* EventListViewController.swift */; };
		5B0EA43F288C43AC009FAB90 /* EventListViewModel.swift in Sources */ = {isa = PBXBuildFile; fileRef = 5B0EA43E288C43AC009FAB90 /* EventListViewModel.swift */; };
		5B0EA441288C446F009FAB90 /* EventListView.swift in Sources */ = {isa = PBXBuildFile; fileRef = 5B0EA440288C446F009FAB90 /* EventListView.swift */; };
		5B0EA443288D7A46009FAB90 /* EventListTableViewCell.swift in Sources */ = {isa = PBXBuildFile; fileRef = 5B0EA442288D7A46009FAB90 /* EventListTableViewCell.swift */; };
		5B0EA445288D8195009FAB90 /* UIView+Extension.swift in Sources */ = {isa = PBXBuildFile; fileRef = 5B0EA444288D8195009FAB90 /* UIView+Extension.swift */; };
		5B0EA447288D9038009FAB90 /* Then.swift in Sources */ = {isa = PBXBuildFile; fileRef = 5B0EA446288D9038009FAB90 /* Then.swift */; };
		5B0EA449288DBDA3009FAB90 /* EventListCoordinator.swift in Sources */ = {isa = PBXBuildFile; fileRef = 5B0EA448288DBDA3009FAB90 /* EventListCoordinator.swift */; };
		5B0EA44B288EB413009FAB90 /* UIViewController+Extension.swift in Sources */ = {isa = PBXBuildFile; fileRef = 5B0EA44A288EB413009FAB90 /* UIViewController+Extension.swift */; };
		5B0EA44D288ECA68009FAB90 /* BaseViewController.swift in Sources */ = {isa = PBXBuildFile; fileRef = 5B0EA44C288ECA68009FAB90 /* BaseViewController.swift */; };
		5B0EA44F288ECF43009FAB90 /* BaseView.swift in Sources */ = {isa = PBXBuildFile; fileRef = 5B0EA44E288ECF43009FAB90 /* BaseView.swift */; };
		5B0EA452288EDFCF009FAB90 /* Event.swift in Sources */ = {isa = PBXBuildFile; fileRef = 5B0EA451288EDFCF009FAB90 /* Event.swift */; };
		5B0EA454288EE472009FAB90 /* EventListDiffableDataSource.swift in Sources */ = {isa = PBXBuildFile; fileRef = 5B0EA453288EE472009FAB90 /* EventListDiffableDataSource.swift */; };
		5B0EA456288EE671009FAB90 /* UITableViewCell+Extension.swift in Sources */ = {isa = PBXBuildFile; fileRef = 5B0EA455288EE671009FAB90 /* UITableViewCell+Extension.swift */; };
		5B0EA458288EE689009FAB90 /* UITableView+Extension.swift in Sources */ = {isa = PBXBuildFile; fileRef = 5B0EA457288EE689009FAB90 /* UITableView+Extension.swift */; };
		5B0EA45A288EE9FF009FAB90 /* EmptyEventListTableViewCell.swift in Sources */ = {isa = PBXBuildFile; fileRef = 5B0EA459288EE9FF009FAB90 /* EmptyEventListTableViewCell.swift */; };
		5B0EA45E2890219E009FAB90 /* MenuViewController.swift in Sources */ = {isa = PBXBuildFile; fileRef = 5B0EA45D2890219E009FAB90 /* MenuViewController.swift */; };
		5B0EA460289021AC009FAB90 /* MenuViewModel.swift in Sources */ = {isa = PBXBuildFile; fileRef = 5B0EA45F289021AC009FAB90 /* MenuViewModel.swift */; };
		5B0EA462289021B6009FAB90 /* MenuView.swift in Sources */ = {isa = PBXBuildFile; fileRef = 5B0EA461289021B6009FAB90 /* MenuView.swift */; };
		5B0EA46428902313009FAB90 /* MenuListTableViewDataSource.swift in Sources */ = {isa = PBXBuildFile; fileRef = 5B0EA46328902313009FAB90 /* MenuListTableViewDataSource.swift */; };
		5B0EA4672890241E009FAB90 /* MenuListTableViewCell.swift in Sources */ = {isa = PBXBuildFile; fileRef = 5B0EA4662890241E009FAB90 /* MenuListTableViewCell.swift */; };
		5B0EA46928905F9A009FAB90 /* MenuCoordinator.swift in Sources */ = {isa = PBXBuildFile; fileRef = 5B0EA46828905F9A009FAB90 /* MenuCoordinator.swift */; };
		5B0EA47128919C1D009FAB90 /* NotificationCenter.framework in Frameworks */ = {isa = PBXBuildFile; fileRef = 5B0EA46F28919BE5009FAB90 /* NotificationCenter.framework */; };
		5B0EA47228919C1D009FAB90 /* NotificationCenter.framework in Embed Frameworks */ = {isa = PBXBuildFile; fileRef = 5B0EA46F28919BE5009FAB90 /* NotificationCenter.framework */; settings = {ATTRIBUTES = (CodeSignOnCopy, RemoveHeadersOnCopy, ); }; };
		5B0EA4842892C13B009FAB90 /* ImagePickerCollectionViewFlowLayout.swift in Sources */ = {isa = PBXBuildFile; fileRef = 5B0EA4832892C13B009FAB90 /* ImagePickerCollectionViewFlowLayout.swift */; };
		5B0EA4862892C196009FAB90 /* ImagePickerViewController.swift in Sources */ = {isa = PBXBuildFile; fileRef = 5B0EA4852892C196009FAB90 /* ImagePickerViewController.swift */; };
		5B0EA4882892C1A0009FAB90 /* ImagePickerViewModel.swift in Sources */ = {isa = PBXBuildFile; fileRef = 5B0EA4872892C1A0009FAB90 /* ImagePickerViewModel.swift */; };
		5B0EA48A2892C1A9009FAB90 /* ImagePickerView.swift in Sources */ = {isa = PBXBuildFile; fileRef = 5B0EA4892892C1A9009FAB90 /* ImagePickerView.swift */; };
		5B0EA48D2892C8C4009FAB90 /* ImageCollectionViewDataSource.swift in Sources */ = {isa = PBXBuildFile; fileRef = 5B0EA48C2892C8C4009FAB90 /* ImageCollectionViewDataSource.swift */; };
		5B0EA48F2892CA55009FAB90 /* UICollectionViewCell+Extension.swift in Sources */ = {isa = PBXBuildFile; fileRef = 5B0EA48E2892CA55009FAB90 /* UICollectionViewCell+Extension.swift */; };
		5B0EA4912892CA85009FAB90 /* UICollectionView+Extension.swift in Sources */ = {isa = PBXBuildFile; fileRef = 5B0EA4902892CA85009FAB90 /* UICollectionView+Extension.swift */; };
		5B0EA4932892CB2A009FAB90 /* ImageCollectionViewCell.swift in Sources */ = {isa = PBXBuildFile; fileRef = 5B0EA4922892CB2A009FAB90 /* ImageCollectionViewCell.swift */; };
		5B0EA4952892DFFD009FAB90 /* ImagePickerCoordinator.swift in Sources */ = {isa = PBXBuildFile; fileRef = 5B0EA4942892DFFD009FAB90 /* ImagePickerCoordinator.swift */; };
		5B0EA49928930F31009FAB90 /* UIMagicDropDown in Frameworks */ = {isa = PBXBuildFile; productRef = 5B0EA49828930F31009FAB90 /* UIMagicDropDown */; };
		5B0EA49D28931228009FAB90 /* EventFormViewModel.swift in Sources */ = {isa = PBXBuildFile; fileRef = 5B0EA49C28931228009FAB90 /* EventFormViewModel.swift */; };
		5B0EA49F2893123E009FAB90 /* EventFormView.swift in Sources */ = {isa = PBXBuildFile; fileRef = 5B0EA49E2893123E009FAB90 /* EventFormView.swift */; };
		5B0EA4A128931258009FAB90 /* EventFormViewController.swift in Sources */ = {isa = PBXBuildFile; fileRef = 5B0EA4A028931258009FAB90 /* EventFormViewController.swift */; };
		5B0EA4A328946E7C009FAB90 /* UIStackView+Extension.swift in Sources */ = {isa = PBXBuildFile; fileRef = 5B0EA4A228946E7C009FAB90 /* UIStackView+Extension.swift */; };
		6C2E27A7289E92B000D95703 /* EventFormCoordinator.swift in Sources */ = {isa = PBXBuildFile; fileRef = 6C2E27A6289E92B000D95703 /* EventFormCoordinator.swift */; };
		6C2E27AC28A045C700D95703 /* MagicDropDownConfig+Extension.swift in Sources */ = {isa = PBXBuildFile; fileRef = 6C2E27AB28A045C600D95703 /* MagicDropDownConfig+Extension.swift */; };
		6C5452F028AA37CD000C843C /* EventsAPIManager.swift in Sources */ = {isa = PBXBuildFile; fileRef = 6C5452EF28AA37CD000C843C /* EventsAPIManager.swift */; };
		6C5452F228AA3A11000C843C /* GetEventsRequest.swift in Sources */ = {isa = PBXBuildFile; fileRef = 6C5452F128AA3A11000C843C /* GetEventsRequest.swift */; };
		6C5452F428AA3A37000C843C /* CreateEventRequest.swift in Sources */ = {isa = PBXBuildFile; fileRef = 6C5452F328AA3A37000C843C /* CreateEventRequest.swift */; };
		6C5452F728AA3D88000C843C /* CategoriesAPIManager.swift in Sources */ = {isa = PBXBuildFile; fileRef = 6C5452F628AA3D88000C843C /* CategoriesAPIManager.swift */; };
		6C5452F928AA3E43000C843C /* Category.swift in Sources */ = {isa = PBXBuildFile; fileRef = 6C5452F828AA3E43000C843C /* Category.swift */; };
		6C5452FB28AA3E79000C843C /* GetCategoriesRequest.swift in Sources */ = {isa = PBXBuildFile; fileRef = 6C5452FA28AA3E79000C843C /* GetCategoriesRequest.swift */; };
		6C5452FD28AA3EC8000C843C /* ImagesAPIManager.swift in Sources */ = {isa = PBXBuildFile; fileRef = 6C5452FC28AA3EC8000C843C /* ImagesAPIManager.swift */; };
		6C54530028AA3F3A000C843C /* GetImagesRequest.swift in Sources */ = {isa = PBXBuildFile; fileRef = 6C5452FF28AA3F3A000C843C /* GetImagesRequest.swift */; };
		6C54530328AA71C0000C843C /* JGProgressHUD-SwiftUI in Frameworks */ = {isa = PBXBuildFile; productRef = 6C54530228AA71C0000C843C /* JGProgressHUD-SwiftUI */; };
		6C54530528AA7CCC000C843C /* DateFormatter+Extension.swift in Sources */ = {isa = PBXBuildFile; fileRef = 6C54530428AA7CCC000C843C /* DateFormatter+Extension.swift */; };
		6C54530728AAAE30000C843C /* CategoriesCache.swift in Sources */ = {isa = PBXBuildFile; fileRef = 6C54530628AAAE30000C843C /* CategoriesCache.swift */; };
		6C54530A28AAC3F6000C843C /* EventImagesCache.swift in Sources */ = {isa = PBXBuildFile; fileRef = 6C54530928AAC3F6000C843C /* EventImagesCache.swift */; };
/* End PBXBuildFile section */

/* Begin PBXContainerItemProxy section */
		5B0EA3DA288730D1009FAB90 /* PBXContainerItemProxy */ = {
			isa = PBXContainerItemProxy;
			containerPortal = 5B0EA3BB288730CF009FAB90 /* Project object */;
			proxyType = 1;
			remoteGlobalIDString = 5B0EA3C2288730CF009FAB90;
			remoteInfo = CanTestIt;
		};
		5B0EA3E4288730D1009FAB90 /* PBXContainerItemProxy */ = {
			isa = PBXContainerItemProxy;
			containerPortal = 5B0EA3BB288730CF009FAB90 /* Project object */;
			proxyType = 1;
			remoteGlobalIDString = 5B0EA3C2288730CF009FAB90;
			remoteInfo = CanTestIt;
		};
		5B0EA46E28919BE5009FAB90 /* PBXContainerItemProxy */ = {
			isa = PBXContainerItemProxy;
			containerPortal = 5B0EA46A28919BE5009FAB90 /* NotificationCenter.xcodeproj */;
			proxyType = 2;
			remoteGlobalIDString = 2E5418282194B627002FCDA9;
			remoteInfo = NotificationCenter;
		};
/* End PBXContainerItemProxy section */

/* Begin PBXCopyFilesBuildPhase section */
		5B0EA47328919C1D009FAB90 /* Embed Frameworks */ = {
			isa = PBXCopyFilesBuildPhase;
			buildActionMask = 2147483647;
			dstPath = "";
			dstSubfolderSpec = 10;
			files = (
				5B0EA47228919C1D009FAB90 /* NotificationCenter.framework in Embed Frameworks */,
			);
			name = "Embed Frameworks";
			runOnlyForDeploymentPostprocessing = 0;
		};
/* End PBXCopyFilesBuildPhase section */

/* Begin PBXFileReference section */
		5B0EA3C3288730CF009FAB90 /* CanTestIt.app */ = {isa = PBXFileReference; explicitFileType = wrapper.application; includeInIndex = 0; path = CanTestIt.app; sourceTree = BUILT_PRODUCTS_DIR; };
		5B0EA3C6288730CF009FAB90 /* AppDelegate.swift */ = {isa = PBXFileReference; lastKnownFileType = sourcecode.swift; path = AppDelegate.swift; sourceTree = "<group>"; };
		5B0EA3C8288730CF009FAB90 /* SceneDelegate.swift */ = {isa = PBXFileReference; lastKnownFileType = sourcecode.swift; path = SceneDelegate.swift; sourceTree = "<group>"; };
		5B0EA3CF288730D1009FAB90 /* Assets.xcassets */ = {isa = PBXFileReference; lastKnownFileType = folder.assetcatalog; path = Assets.xcassets; sourceTree = "<group>"; };
		5B0EA3D2288730D1009FAB90 /* Base */ = {isa = PBXFileReference; lastKnownFileType = file.storyboard; name = Base; path = Base.lproj/LaunchScreen.storyboard; sourceTree = "<group>"; };
		5B0EA3D4288730D1009FAB90 /* Info.plist */ = {isa = PBXFileReference; lastKnownFileType = text.plist.xml; path = Info.plist; sourceTree = "<group>"; };
		5B0EA3D9288730D1009FAB90 /* CanTestItTests.xctest */ = {isa = PBXFileReference; explicitFileType = wrapper.cfbundle; includeInIndex = 0; path = CanTestItTests.xctest; sourceTree = BUILT_PRODUCTS_DIR; };
		5B0EA3DD288730D1009FAB90 /* CanTestItTests.swift */ = {isa = PBXFileReference; lastKnownFileType = sourcecode.swift; path = CanTestItTests.swift; sourceTree = "<group>"; };
		5B0EA3E3288730D1009FAB90 /* CanTestItUITests.xctest */ = {isa = PBXFileReference; explicitFileType = wrapper.cfbundle; includeInIndex = 0; path = CanTestItUITests.xctest; sourceTree = BUILT_PRODUCTS_DIR; };
		5B0EA3E7288730D1009FAB90 /* CanTestItUITests.swift */ = {isa = PBXFileReference; lastKnownFileType = sourcecode.swift; path = CanTestItUITests.swift; sourceTree = "<group>"; };
		5B0EA3E9288730D1009FAB90 /* CanTestItUITestsLaunchTests.swift */ = {isa = PBXFileReference; lastKnownFileType = sourcecode.swift; path = CanTestItUITestsLaunchTests.swift; sourceTree = "<group>"; };
		5B0EA3F6288731D1009FAB90 /* AppCoordinator.swift */ = {isa = PBXFileReference; lastKnownFileType = sourcecode.swift; path = AppCoordinator.swift; sourceTree = "<group>"; };
		5B0EA3F92887322C009FAB90 /* Coordinator.swift */ = {isa = PBXFileReference; lastKnownFileType = sourcecode.swift; path = Coordinator.swift; sourceTree = "<group>"; };
		5B0EA3FD28873505009FAB90 /* Request.swift */ = {isa = PBXFileReference; lastKnownFileType = sourcecode.swift; path = Request.swift; sourceTree = "<group>"; };
		5B0EA3FF28873523009FAB90 /* APIClient.swift */ = {isa = PBXFileReference; lastKnownFileType = sourcecode.swift; path = APIClient.swift; sourceTree = "<group>"; };
		5B0EA40128873872009FAB90 /* NetworkDispatcher.swift */ = {isa = PBXFileReference; lastKnownFileType = sourcecode.swift; path = NetworkDispatcher.swift; sourceTree = "<group>"; };
		5B0EA4032887389D009FAB90 /* Encodable+Dictionary.swift */ = {isa = PBXFileReference; lastKnownFileType = sourcecode.swift; path = "Encodable+Dictionary.swift"; sourceTree = "<group>"; };
		5B0EA40628873A2C009FAB90 /* LoginView.swift */ = {isa = PBXFileReference; lastKnownFileType = sourcecode.swift; path = LoginView.swift; sourceTree = "<group>"; };
		5B0EA40828873A38009FAB90 /* LoginViewModel.swift */ = {isa = PBXFileReference; lastKnownFileType = sourcecode.swift; path = LoginViewModel.swift; sourceTree = "<group>"; };
		5B0EA40B28873AD5009FAB90 /* IntroViewModel.swift */ = {isa = PBXFileReference; lastKnownFileType = sourcecode.swift; path = IntroViewModel.swift; sourceTree = "<group>"; };
		5B0EA40D28873AED009FAB90 /* IntroView.swift */ = {isa = PBXFileReference; lastKnownFileType = sourcecode.swift; path = IntroView.swift; sourceTree = "<group>"; };
		5B0EA40F28873CAB009FAB90 /* Logger.swift */ = {isa = PBXFileReference; lastKnownFileType = sourcecode.swift; path = Logger.swift; sourceTree = "<group>"; };
		5B0EA41128873EB7009FAB90 /* Color+Variables.swift */ = {isa = PBXFileReference; lastKnownFileType = sourcecode.swift; path = "Color+Variables.swift"; sourceTree = "<group>"; };
		5B0EA41328873F44009FAB90 /* UIColor+Extension.swift */ = {isa = PBXFileReference; lastKnownFileType = sourcecode.swift; path = "UIColor+Extension.swift"; sourceTree = "<group>"; };
		5B0EA41528873F65009FAB90 /* UIColor+Variables.swift */ = {isa = PBXFileReference; lastKnownFileType = sourcecode.swift; path = "UIColor+Variables.swift"; sourceTree = "<group>"; };
		5B0EA4172887BBD3009FAB90 /* AppEngine.swift */ = {isa = PBXFileReference; lastKnownFileType = sourcecode.swift; path = AppEngine.swift; sourceTree = "<group>"; };
		5B0EA4192887C545009FAB90 /* UIImage+Variables.swift */ = {isa = PBXFileReference; lastKnownFileType = sourcecode.swift; path = "UIImage+Variables.swift"; sourceTree = "<group>"; };
		5B0EA41B2887EFD9009FAB90 /* Localizable.strings */ = {isa = PBXFileReference; lastKnownFileType = text.plist.strings; path = Localizable.strings; sourceTree = "<group>"; };
		5B0EA41D2887F00B009FAB90 /* String+Extension.swift */ = {isa = PBXFileReference; lastKnownFileType = sourcecode.swift; path = "String+Extension.swift"; sourceTree = "<group>"; };
		5B0EA41F2887FA6F009FAB90 /* CGFloat+Variables.swift */ = {isa = PBXFileReference; lastKnownFileType = sourcecode.swift; path = "CGFloat+Variables.swift"; sourceTree = "<group>"; };
		5B0EA421288802F4009FAB90 /* Fonts.swift */ = {isa = PBXFileReference; lastKnownFileType = sourcecode.swift; path = Fonts.swift; sourceTree = "<group>"; };
		5B0EA42328880326009FAB90 /* Font+Extension.swift */ = {isa = PBXFileReference; lastKnownFileType = sourcecode.swift; path = "Font+Extension.swift"; sourceTree = "<group>"; };
		5B0EA42528880345009FAB90 /* FontStyle.swift */ = {isa = PBXFileReference; lastKnownFileType = sourcecode.swift; path = FontStyle.swift; sourceTree = "<group>"; };
		5B0EA4272888206F009FAB90 /* IntroCoordinator.swift */ = {isa = PBXFileReference; lastKnownFileType = sourcecode.swift; path = IntroCoordinator.swift; sourceTree = "<group>"; };
		5B0EA4292888231B009FAB90 /* UserDefaultsMenager.swift */ = {isa = PBXFileReference; lastKnownFileType = sourcecode.swift; path = UserDefaultsMenager.swift; sourceTree = "<group>"; };
		5B0EA42B28883396009FAB90 /* LoginCoordinator.swift */ = {isa = PBXFileReference; lastKnownFileType = sourcecode.swift; path = LoginCoordinator.swift; sourceTree = "<group>"; };
		5B0EA42D28885300009FAB90 /* Placeholder.swift */ = {isa = PBXFileReference; lastKnownFileType = sourcecode.swift; path = Placeholder.swift; sourceTree = "<group>"; };
		5B0EA431288AB90B009FAB90 /* AttributedText.swift */ = {isa = PBXFileReference; lastKnownFileType = sourcecode.swift; path = AttributedText.swift; sourceTree = "<group>"; };
		5B0EA433288AC3F2009FAB90 /* AppVariables.swift */ = {isa = PBXFileReference; lastKnownFileType = sourcecode.swift; path = AppVariables.swift; sourceTree = "<group>"; };
		5B0EA435288B2B57009FAB90 /* InputField.swift */ = {isa = PBXFileReference; lastKnownFileType = sourcecode.swift; path = InputField.swift; sourceTree = "<group>"; };
		5B0EA437288B2F52009FAB90 /* UITextField+Extension.swift */ = {isa = PBXFileReference; lastKnownFileType = sourcecode.swift; path = "UITextField+Extension.swift"; sourceTree = "<group>"; };
		5B0EA439288C31EA009FAB90 /* TextFieldWithPadding.swift */ = {isa = PBXFileReference; lastKnownFileType = sourcecode.swift; path = TextFieldWithPadding.swift; sourceTree = "<group>"; };
		5B0EA43C288C439E009FAB90 /* EventListViewController.swift */ = {isa = PBXFileReference; lastKnownFileType = sourcecode.swift; path = EventListViewController.swift; sourceTree = "<group>"; };
		5B0EA43E288C43AC009FAB90 /* EventListViewModel.swift */ = {isa = PBXFileReference; lastKnownFileType = sourcecode.swift; path = EventListViewModel.swift; sourceTree = "<group>"; };
		5B0EA440288C446F009FAB90 /* EventListView.swift */ = {isa = PBXFileReference; lastKnownFileType = sourcecode.swift; path = EventListView.swift; sourceTree = "<group>"; };
		5B0EA442288D7A46009FAB90 /* EventListTableViewCell.swift */ = {isa = PBXFileReference; lastKnownFileType = sourcecode.swift; path = EventListTableViewCell.swift; sourceTree = "<group>"; };
		5B0EA444288D8195009FAB90 /* UIView+Extension.swift */ = {isa = PBXFileReference; lastKnownFileType = sourcecode.swift; path = "UIView+Extension.swift"; sourceTree = "<group>"; };
		5B0EA446288D9038009FAB90 /* Then.swift */ = {isa = PBXFileReference; lastKnownFileType = sourcecode.swift; path = Then.swift; sourceTree = "<group>"; };
		5B0EA448288DBDA3009FAB90 /* EventListCoordinator.swift */ = {isa = PBXFileReference; lastKnownFileType = sourcecode.swift; path = EventListCoordinator.swift; sourceTree = "<group>"; };
		5B0EA44A288EB413009FAB90 /* UIViewController+Extension.swift */ = {isa = PBXFileReference; lastKnownFileType = sourcecode.swift; path = "UIViewController+Extension.swift"; sourceTree = "<group>"; };
		5B0EA44C288ECA68009FAB90 /* BaseViewController.swift */ = {isa = PBXFileReference; lastKnownFileType = sourcecode.swift; path = BaseViewController.swift; sourceTree = "<group>"; };
		5B0EA44E288ECF43009FAB90 /* BaseView.swift */ = {isa = PBXFileReference; lastKnownFileType = sourcecode.swift; path = BaseView.swift; sourceTree = "<group>"; };
		5B0EA451288EDFCF009FAB90 /* Event.swift */ = {isa = PBXFileReference; lastKnownFileType = sourcecode.swift; path = Event.swift; sourceTree = "<group>"; };
		5B0EA453288EE472009FAB90 /* EventListDiffableDataSource.swift */ = {isa = PBXFileReference; lastKnownFileType = sourcecode.swift; path = EventListDiffableDataSource.swift; sourceTree = "<group>"; };
		5B0EA455288EE671009FAB90 /* UITableViewCell+Extension.swift */ = {isa = PBXFileReference; lastKnownFileType = sourcecode.swift; path = "UITableViewCell+Extension.swift"; sourceTree = "<group>"; };
		5B0EA457288EE689009FAB90 /* UITableView+Extension.swift */ = {isa = PBXFileReference; lastKnownFileType = sourcecode.swift; path = "UITableView+Extension.swift"; sourceTree = "<group>"; };
		5B0EA459288EE9FF009FAB90 /* EmptyEventListTableViewCell.swift */ = {isa = PBXFileReference; lastKnownFileType = sourcecode.swift; path = EmptyEventListTableViewCell.swift; sourceTree = "<group>"; };
		5B0EA45D2890219E009FAB90 /* MenuViewController.swift */ = {isa = PBXFileReference; lastKnownFileType = sourcecode.swift; path = MenuViewController.swift; sourceTree = "<group>"; };
		5B0EA45F289021AC009FAB90 /* MenuViewModel.swift */ = {isa = PBXFileReference; lastKnownFileType = sourcecode.swift; path = MenuViewModel.swift; sourceTree = "<group>"; };
		5B0EA461289021B6009FAB90 /* MenuView.swift */ = {isa = PBXFileReference; lastKnownFileType = sourcecode.swift; path = MenuView.swift; sourceTree = "<group>"; };
		5B0EA46328902313009FAB90 /* MenuListTableViewDataSource.swift */ = {isa = PBXFileReference; lastKnownFileType = sourcecode.swift; path = MenuListTableViewDataSource.swift; sourceTree = "<group>"; };
		5B0EA4662890241E009FAB90 /* MenuListTableViewCell.swift */ = {isa = PBXFileReference; lastKnownFileType = sourcecode.swift; path = MenuListTableViewCell.swift; sourceTree = "<group>"; };
		5B0EA46828905F9A009FAB90 /* MenuCoordinator.swift */ = {isa = PBXFileReference; lastKnownFileType = sourcecode.swift; path = MenuCoordinator.swift; sourceTree = "<group>"; };
		5B0EA46A28919BE5009FAB90 /* NotificationCenter.xcodeproj */ = {isa = PBXFileReference; lastKnownFileType = "wrapper.pb-project"; name = NotificationCenter.xcodeproj; path = CanTestIt/NotificationCenter/NotificationCenter.xcodeproj; sourceTree = "<group>"; };
		5B0EA4832892C13B009FAB90 /* ImagePickerCollectionViewFlowLayout.swift */ = {isa = PBXFileReference; lastKnownFileType = sourcecode.swift; path = ImagePickerCollectionViewFlowLayout.swift; sourceTree = "<group>"; };
		5B0EA4852892C196009FAB90 /* ImagePickerViewController.swift */ = {isa = PBXFileReference; lastKnownFileType = sourcecode.swift; path = ImagePickerViewController.swift; sourceTree = "<group>"; };
		5B0EA4872892C1A0009FAB90 /* ImagePickerViewModel.swift */ = {isa = PBXFileReference; lastKnownFileType = sourcecode.swift; path = ImagePickerViewModel.swift; sourceTree = "<group>"; };
		5B0EA4892892C1A9009FAB90 /* ImagePickerView.swift */ = {isa = PBXFileReference; lastKnownFileType = sourcecode.swift; path = ImagePickerView.swift; sourceTree = "<group>"; };
		5B0EA48C2892C8C4009FAB90 /* ImageCollectionViewDataSource.swift */ = {isa = PBXFileReference; lastKnownFileType = sourcecode.swift; path = ImageCollectionViewDataSource.swift; sourceTree = "<group>"; };
		5B0EA48E2892CA55009FAB90 /* UICollectionViewCell+Extension.swift */ = {isa = PBXFileReference; lastKnownFileType = sourcecode.swift; path = "UICollectionViewCell+Extension.swift"; sourceTree = "<group>"; };
		5B0EA4902892CA85009FAB90 /* UICollectionView+Extension.swift */ = {isa = PBXFileReference; lastKnownFileType = sourcecode.swift; path = "UICollectionView+Extension.swift"; sourceTree = "<group>"; };
		5B0EA4922892CB2A009FAB90 /* ImageCollectionViewCell.swift */ = {isa = PBXFileReference; lastKnownFileType = sourcecode.swift; path = ImageCollectionViewCell.swift; sourceTree = "<group>"; };
		5B0EA4942892DFFD009FAB90 /* ImagePickerCoordinator.swift */ = {isa = PBXFileReference; lastKnownFileType = sourcecode.swift; path = ImagePickerCoordinator.swift; sourceTree = "<group>"; };
		5B0EA49C28931228009FAB90 /* EventFormViewModel.swift */ = {isa = PBXFileReference; lastKnownFileType = sourcecode.swift; path = EventFormViewModel.swift; sourceTree = "<group>"; };
		5B0EA49E2893123E009FAB90 /* EventFormView.swift */ = {isa = PBXFileReference; lastKnownFileType = sourcecode.swift; path = EventFormView.swift; sourceTree = "<group>"; };
		5B0EA4A028931258009FAB90 /* EventFormViewController.swift */ = {isa = PBXFileReference; lastKnownFileType = sourcecode.swift; path = EventFormViewController.swift; sourceTree = "<group>"; };
		5B0EA4A228946E7C009FAB90 /* UIStackView+Extension.swift */ = {isa = PBXFileReference; lastKnownFileType = sourcecode.swift; path = "UIStackView+Extension.swift"; sourceTree = "<group>"; };
		6C2E27A6289E92B000D95703 /* EventFormCoordinator.swift */ = {isa = PBXFileReference; lastKnownFileType = sourcecode.swift; path = EventFormCoordinator.swift; sourceTree = "<group>"; };
		6C2E27AB28A045C600D95703 /* MagicDropDownConfig+Extension.swift */ = {isa = PBXFileReference; lastKnownFileType = sourcecode.swift; path = "MagicDropDownConfig+Extension.swift"; sourceTree = "<group>"; };
		6C5452EF28AA37CD000C843C /* EventsAPIManager.swift */ = {isa = PBXFileReference; lastKnownFileType = sourcecode.swift; path = EventsAPIManager.swift; sourceTree = "<group>"; };
		6C5452F128AA3A11000C843C /* GetEventsRequest.swift */ = {isa = PBXFileReference; lastKnownFileType = sourcecode.swift; path = GetEventsRequest.swift; sourceTree = "<group>"; };
		6C5452F328AA3A37000C843C /* CreateEventRequest.swift */ = {isa = PBXFileReference; lastKnownFileType = sourcecode.swift; path = CreateEventRequest.swift; sourceTree = "<group>"; };
		6C5452F628AA3D88000C843C /* CategoriesAPIManager.swift */ = {isa = PBXFileReference; lastKnownFileType = sourcecode.swift; path = CategoriesAPIManager.swift; sourceTree = "<group>"; };
		6C5452F828AA3E43000C843C /* Category.swift */ = {isa = PBXFileReference; lastKnownFileType = sourcecode.swift; path = Category.swift; sourceTree = "<group>"; };
		6C5452FA28AA3E79000C843C /* GetCategoriesRequest.swift */ = {isa = PBXFileReference; lastKnownFileType = sourcecode.swift; path = GetCategoriesRequest.swift; sourceTree = "<group>"; };
		6C5452FC28AA3EC8000C843C /* ImagesAPIManager.swift */ = {isa = PBXFileReference; lastKnownFileType = sourcecode.swift; path = ImagesAPIManager.swift; sourceTree = "<group>"; };
		6C5452FF28AA3F3A000C843C /* GetImagesRequest.swift */ = {isa = PBXFileReference; lastKnownFileType = sourcecode.swift; path = GetImagesRequest.swift; sourceTree = "<group>"; };
		6C54530428AA7CCC000C843C /* DateFormatter+Extension.swift */ = {isa = PBXFileReference; lastKnownFileType = sourcecode.swift; path = "DateFormatter+Extension.swift"; sourceTree = "<group>"; };
		6C54530628AAAE30000C843C /* CategoriesCache.swift */ = {isa = PBXFileReference; lastKnownFileType = sourcecode.swift; path = CategoriesCache.swift; sourceTree = "<group>"; };
		6C54530928AAC3F6000C843C /* EventImagesCache.swift */ = {isa = PBXFileReference; lastKnownFileType = sourcecode.swift; path = EventImagesCache.swift; sourceTree = "<group>"; };
/* End PBXFileReference section */

/* Begin PBXFrameworksBuildPhase section */
		5B0EA3C0288730CF009FAB90 /* Frameworks */ = {
			isa = PBXFrameworksBuildPhase;
			buildActionMask = 2147483647;
			files = (
				6C54530328AA71C0000C843C /* JGProgressHUD-SwiftUI in Frameworks */,
				5B0EA47128919C1D009FAB90 /* NotificationCenter.framework in Frameworks */,
				5B0EA49928930F31009FAB90 /* UIMagicDropDown in Frameworks */,
			);
			runOnlyForDeploymentPostprocessing = 0;
		};
		5B0EA3D6288730D1009FAB90 /* Frameworks */ = {
			isa = PBXFrameworksBuildPhase;
			buildActionMask = 2147483647;
			files = (
			);
			runOnlyForDeploymentPostprocessing = 0;
		};
		5B0EA3E0288730D1009FAB90 /* Frameworks */ = {
			isa = PBXFrameworksBuildPhase;
			buildActionMask = 2147483647;
			files = (
			);
			runOnlyForDeploymentPostprocessing = 0;
		};
/* End PBXFrameworksBuildPhase section */

/* Begin PBXGroup section */
		5B0EA3BA288730CF009FAB90 = {
			isa = PBXGroup;
			children = (
				5B0EA46A28919BE5009FAB90 /* NotificationCenter.xcodeproj */,
				5B0EA3C5288730CF009FAB90 /* CanTestIt */,
				5B0EA3DC288730D1009FAB90 /* CanTestItTests */,
				5B0EA3E6288730D1009FAB90 /* CanTestItUITests */,
				5B0EA3C4288730CF009FAB90 /* Products */,
				5B0EA47028919C1D009FAB90 /* Frameworks */,
			);
			sourceTree = "<group>";
		};
		5B0EA3C4288730CF009FAB90 /* Products */ = {
			isa = PBXGroup;
			children = (
				5B0EA3C3288730CF009FAB90 /* CanTestIt.app */,
				5B0EA3D9288730D1009FAB90 /* CanTestItTests.xctest */,
				5B0EA3E3288730D1009FAB90 /* CanTestItUITests.xctest */,
			);
			name = Products;
			sourceTree = "<group>";
		};
		5B0EA3C5288730CF009FAB90 /* CanTestIt */ = {
			isa = PBXGroup;
			children = (
				5B0EA49B2893120B009FAB90 /* EventForm */,
				5B0EA4822892C124009FAB90 /* ImagePicker */,
				5B0EA45C2890218B009FAB90 /* Menu */,
				5B0EA450288EDFC5009FAB90 /* Models */,
				5B0EA43B288C4388009FAB90 /* EventList */,
				5B0EA40A28873AC9009FAB90 /* Intro */,
				5B0EA40528873A1E009FAB90 /* Login */,
				5B0EA3FC288734F9009FAB90 /* Networking */,
				5B0EA3FB28873497009FAB90 /* Main */,
				5B0EA3F828873222009FAB90 /* Utils */,
				5B0EA3CF288730D1009FAB90 /* Assets.xcassets */,
				5B0EA3D1288730D1009FAB90 /* LaunchScreen.storyboard */,
				5B0EA41B2887EFD9009FAB90 /* Localizable.strings */,
				5B0EA3D4288730D1009FAB90 /* Info.plist */,
			);
			path = CanTestIt;
			sourceTree = "<group>";
		};
		5B0EA3DC288730D1009FAB90 /* CanTestItTests */ = {
			isa = PBXGroup;
			children = (
				5B0EA3DD288730D1009FAB90 /* CanTestItTests.swift */,
			);
			path = CanTestItTests;
			sourceTree = "<group>";
		};
		5B0EA3E6288730D1009FAB90 /* CanTestItUITests */ = {
			isa = PBXGroup;
			children = (
				5B0EA3E7288730D1009FAB90 /* CanTestItUITests.swift */,
				5B0EA3E9288730D1009FAB90 /* CanTestItUITestsLaunchTests.swift */,
			);
			path = CanTestItUITests;
			sourceTree = "<group>";
		};
		5B0EA3F828873222009FAB90 /* Utils */ = {
			isa = PBXGroup;
			children = (
				5B0EA3F92887322C009FAB90 /* Coordinator.swift */,
				5B0EA4032887389D009FAB90 /* Encodable+Dictionary.swift */,
				5B0EA40F28873CAB009FAB90 /* Logger.swift */,
				5B0EA41128873EB7009FAB90 /* Color+Variables.swift */,
				5B0EA41328873F44009FAB90 /* UIColor+Extension.swift */,
				5B0EA41528873F65009FAB90 /* UIColor+Variables.swift */,
				5B0EA4192887C545009FAB90 /* UIImage+Variables.swift */,
				5B0EA41D2887F00B009FAB90 /* String+Extension.swift */,
				5B0EA41F2887FA6F009FAB90 /* CGFloat+Variables.swift */,
				5B0EA421288802F4009FAB90 /* Fonts.swift */,
				5B0EA42328880326009FAB90 /* Font+Extension.swift */,
				5B0EA42528880345009FAB90 /* FontStyle.swift */,
				5B0EA42D28885300009FAB90 /* Placeholder.swift */,
				5B0EA431288AB90B009FAB90 /* AttributedText.swift */,
				5B0EA435288B2B57009FAB90 /* InputField.swift */,
				5B0EA437288B2F52009FAB90 /* UITextField+Extension.swift */,
				5B0EA439288C31EA009FAB90 /* TextFieldWithPadding.swift */,
				5B0EA444288D8195009FAB90 /* UIView+Extension.swift */,
				5B0EA4A228946E7C009FAB90 /* UIStackView+Extension.swift */,
				5B0EA446288D9038009FAB90 /* Then.swift */,
				5B0EA44A288EB413009FAB90 /* UIViewController+Extension.swift */,
				5B0EA44C288ECA68009FAB90 /* BaseViewController.swift */,
				5B0EA44E288ECF43009FAB90 /* BaseView.swift */,
				5B0EA455288EE671009FAB90 /* UITableViewCell+Extension.swift */,
				5B0EA48E2892CA55009FAB90 /* UICollectionViewCell+Extension.swift */,
				5B0EA457288EE689009FAB90 /* UITableView+Extension.swift */,
				5B0EA4902892CA85009FAB90 /* UICollectionView+Extension.swift */,
				6C54530428AA7CCC000C843C /* DateFormatter+Extension.swift */,
			);
			path = Utils;
			sourceTree = "<group>";
		};
		5B0EA3FB28873497009FAB90 /* Main */ = {
			isa = PBXGroup;
			children = (
				5B0EA3C6288730CF009FAB90 /* AppDelegate.swift */,
				5B0EA3C8288730CF009FAB90 /* SceneDelegate.swift */,
				5B0EA3F6288731D1009FAB90 /* AppCoordinator.swift */,
				5B0EA4172887BBD3009FAB90 /* AppEngine.swift */,
				6C54530628AAAE30000C843C /* CategoriesCache.swift */,
				5B0EA433288AC3F2009FAB90 /* AppVariables.swift */,
				5B0EA4292888231B009FAB90 /* UserDefaultsMenager.swift */,
				6C54530928AAC3F6000C843C /* EventImagesCache.swift */,
			);
			path = Main;
			sourceTree = "<group>";
		};
		5B0EA3FC288734F9009FAB90 /* Networking */ = {
			isa = PBXGroup;
			children = (
				6C5452FE28AA3ECD000C843C /* Images */,
				6C5452F528AA3D7A000C843C /* Categories */,
				6C5452ED28AA36EB000C843C /* Event */,
				5B0EA3FD28873505009FAB90 /* Request.swift */,
				5B0EA40128873872009FAB90 /* NetworkDispatcher.swift */,
				5B0EA3FF28873523009FAB90 /* APIClient.swift */,
			);
			path = Networking;
			sourceTree = "<group>";
		};
		5B0EA40528873A1E009FAB90 /* Login */ = {
			isa = PBXGroup;
			children = (
				5B0EA40628873A2C009FAB90 /* LoginView.swift */,
				5B0EA40828873A38009FAB90 /* LoginViewModel.swift */,
				5B0EA42B28883396009FAB90 /* LoginCoordinator.swift */,
			);
			path = Login;
			sourceTree = "<group>";
		};
		5B0EA40A28873AC9009FAB90 /* Intro */ = {
			isa = PBXGroup;
			children = (
				5B0EA40B28873AD5009FAB90 /* IntroViewModel.swift */,
				5B0EA40D28873AED009FAB90 /* IntroView.swift */,
				5B0EA4272888206F009FAB90 /* IntroCoordinator.swift */,
			);
			path = Intro;
			sourceTree = "<group>";
		};
		5B0EA43B288C4388009FAB90 /* EventList */ = {
			isa = PBXGroup;
			children = (
				5B0EA45B288EEA40009FAB90 /* TableView */,
				5B0EA43C288C439E009FAB90 /* EventListViewController.swift */,
				5B0EA43E288C43AC009FAB90 /* EventListViewModel.swift */,
				5B0EA440288C446F009FAB90 /* EventListView.swift */,
				5B0EA448288DBDA3009FAB90 /* EventListCoordinator.swift */,
			);
			path = EventList;
			sourceTree = "<group>";
		};
		5B0EA450288EDFC5009FAB90 /* Models */ = {
			isa = PBXGroup;
			children = (
				5B0EA451288EDFCF009FAB90 /* Event.swift */,
				6C5452F828AA3E43000C843C /* Category.swift */,
			);
			path = Models;
			sourceTree = "<group>";
		};
		5B0EA45B288EEA40009FAB90 /* TableView */ = {
			isa = PBXGroup;
			children = (
				5B0EA453288EE472009FAB90 /* EventListDiffableDataSource.swift */,
				5B0EA442288D7A46009FAB90 /* EventListTableViewCell.swift */,
				5B0EA459288EE9FF009FAB90 /* EmptyEventListTableViewCell.swift */,
			);
			path = TableView;
			sourceTree = "<group>";
		};
		5B0EA45C2890218B009FAB90 /* Menu */ = {
			isa = PBXGroup;
			children = (
				5B0EA46528902319009FAB90 /* TableView */,
				5B0EA45D2890219E009FAB90 /* MenuViewController.swift */,
				5B0EA45F289021AC009FAB90 /* MenuViewModel.swift */,
				5B0EA46828905F9A009FAB90 /* MenuCoordinator.swift */,
				5B0EA461289021B6009FAB90 /* MenuView.swift */,
			);
			path = Menu;
			sourceTree = "<group>";
		};
		5B0EA46528902319009FAB90 /* TableView */ = {
			isa = PBXGroup;
			children = (
				5B0EA46328902313009FAB90 /* MenuListTableViewDataSource.swift */,
				5B0EA4662890241E009FAB90 /* MenuListTableViewCell.swift */,
			);
			path = TableView;
			sourceTree = "<group>";
		};
		5B0EA46B28919BE5009FAB90 /* Products */ = {
			isa = PBXGroup;
			children = (
				5B0EA46F28919BE5009FAB90 /* NotificationCenter.framework */,
			);
			name = Products;
			sourceTree = "<group>";
		};
		5B0EA47028919C1D009FAB90 /* Frameworks */ = {
			isa = PBXGroup;
			children = (
			);
			name = Frameworks;
			sourceTree = "<group>";
		};
		5B0EA4822892C124009FAB90 /* ImagePicker */ = {
			isa = PBXGroup;
			children = (
				5B0EA48B2892C8A9009FAB90 /* CollectionView */,
				5B0EA4852892C196009FAB90 /* ImagePickerViewController.swift */,
				5B0EA4872892C1A0009FAB90 /* ImagePickerViewModel.swift */,
				5B0EA4892892C1A9009FAB90 /* ImagePickerView.swift */,
				5B0EA4942892DFFD009FAB90 /* ImagePickerCoordinator.swift */,
			);
			path = ImagePicker;
			sourceTree = "<group>";
		};
		5B0EA48B2892C8A9009FAB90 /* CollectionView */ = {
			isa = PBXGroup;
			children = (
				5B0EA4832892C13B009FAB90 /* ImagePickerCollectionViewFlowLayout.swift */,
				5B0EA48C2892C8C4009FAB90 /* ImageCollectionViewDataSource.swift */,
				5B0EA4922892CB2A009FAB90 /* ImageCollectionViewCell.swift */,
			);
			path = CollectionView;
			sourceTree = "<group>";
		};
		5B0EA49B2893120B009FAB90 /* EventForm */ = {
			isa = PBXGroup;
			children = (
				5B0EA49C28931228009FAB90 /* EventFormViewModel.swift */,
				5B0EA4A028931258009FAB90 /* EventFormViewController.swift */,
				5B0EA49E2893123E009FAB90 /* EventFormView.swift */,
				6C2E27A6289E92B000D95703 /* EventFormCoordinator.swift */,
				6C2E27AB28A045C600D95703 /* MagicDropDownConfig+Extension.swift */,
			);
			path = EventForm;
			sourceTree = "<group>";
		};
		6C5452ED28AA36EB000C843C /* Event */ = {
			isa = PBXGroup;
			children = (
				6C5452EF28AA37CD000C843C /* EventsAPIManager.swift */,
				6C5452F128AA3A11000C843C /* GetEventsRequest.swift */,
				6C5452F328AA3A37000C843C /* CreateEventRequest.swift */,
			);
			path = Event;
			sourceTree = "<group>";
		};
		6C5452F528AA3D7A000C843C /* Categories */ = {
			isa = PBXGroup;
			children = (
				6C5452F628AA3D88000C843C /* CategoriesAPIManager.swift */,
				6C5452FA28AA3E79000C843C /* GetCategoriesRequest.swift */,
			);
			path = Categories;
			sourceTree = "<group>";
		};
		6C5452FE28AA3ECD000C843C /* Images */ = {
			isa = PBXGroup;
			children = (
				6C5452FC28AA3EC8000C843C /* ImagesAPIManager.swift */,
				6C5452FF28AA3F3A000C843C /* GetImagesRequest.swift */,
			);
			path = Images;
			sourceTree = "<group>";
		};
/* End PBXGroup section */

/* Begin PBXNativeTarget section */
		5B0EA3C2288730CF009FAB90 /* CanTestIt */ = {
			isa = PBXNativeTarget;
			buildConfigurationList = 5B0EA3ED288730D1009FAB90 /* Build configuration list for PBXNativeTarget "CanTestIt" */;
			buildPhases = (
				5B0EA3BF288730CF009FAB90 /* Sources */,
				5B0EA3C0288730CF009FAB90 /* Frameworks */,
				5B0EA3C1288730CF009FAB90 /* Resources */,
				5B0EA47328919C1D009FAB90 /* Embed Frameworks */,
			);
			buildRules = (
			);
			dependencies = (
			);
			name = CanTestIt;
			packageProductDependencies = (
				5B0EA49828930F31009FAB90 /* UIMagicDropDown */,
				6C54530228AA71C0000C843C /* JGProgressHUD-SwiftUI */,
			);
			productName = CanTestIt;
			productReference = 5B0EA3C3288730CF009FAB90 /* CanTestIt.app */;
			productType = "com.apple.product-type.application";
		};
		5B0EA3D8288730D1009FAB90 /* CanTestItTests */ = {
			isa = PBXNativeTarget;
			buildConfigurationList = 5B0EA3F0288730D1009FAB90 /* Build configuration list for PBXNativeTarget "CanTestItTests" */;
			buildPhases = (
				5B0EA3D5288730D1009FAB90 /* Sources */,
				5B0EA3D6288730D1009FAB90 /* Frameworks */,
				5B0EA3D7288730D1009FAB90 /* Resources */,
			);
			buildRules = (
			);
			dependencies = (
				5B0EA3DB288730D1009FAB90 /* PBXTargetDependency */,
			);
			name = CanTestItTests;
			productName = CanTestItTests;
			productReference = 5B0EA3D9288730D1009FAB90 /* CanTestItTests.xctest */;
			productType = "com.apple.product-type.bundle.unit-test";
		};
		5B0EA3E2288730D1009FAB90 /* CanTestItUITests */ = {
			isa = PBXNativeTarget;
			buildConfigurationList = 5B0EA3F3288730D1009FAB90 /* Build configuration list for PBXNativeTarget "CanTestItUITests" */;
			buildPhases = (
				5B0EA3DF288730D1009FAB90 /* Sources */,
				5B0EA3E0288730D1009FAB90 /* Frameworks */,
				5B0EA3E1288730D1009FAB90 /* Resources */,
			);
			buildRules = (
			);
			dependencies = (
				5B0EA3E5288730D1009FAB90 /* PBXTargetDependency */,
			);
			name = CanTestItUITests;
			productName = CanTestItUITests;
			productReference = 5B0EA3E3288730D1009FAB90 /* CanTestItUITests.xctest */;
			productType = "com.apple.product-type.bundle.ui-testing";
		};
/* End PBXNativeTarget section */

/* Begin PBXProject section */
		5B0EA3BB288730CF009FAB90 /* Project object */ = {
			isa = PBXProject;
			attributes = {
				BuildIndependentTargetsInParallel = 1;
				LastSwiftUpdateCheck = 1330;
				LastUpgradeCheck = 1330;
				TargetAttributes = {
					5B0EA3C2288730CF009FAB90 = {
						CreatedOnToolsVersion = 13.3.1;
					};
					5B0EA3D8288730D1009FAB90 = {
						CreatedOnToolsVersion = 13.3.1;
						TestTargetID = 5B0EA3C2288730CF009FAB90;
					};
					5B0EA3E2288730D1009FAB90 = {
						CreatedOnToolsVersion = 13.3.1;
						TestTargetID = 5B0EA3C2288730CF009FAB90;
					};
				};
			};
			buildConfigurationList = 5B0EA3BE288730CF009FAB90 /* Build configuration list for PBXProject "CanTestIt" */;
			compatibilityVersion = "Xcode 13.0";
			developmentRegion = en;
			hasScannedForEncodings = 0;
			knownRegions = (
				en,
				Base,
			);
			mainGroup = 5B0EA3BA288730CF009FAB90;
			packageReferences = (
				5B0EA49728930F31009FAB90 /* XCRemoteSwiftPackageReference "UIMagicDropDown" */,
				6C54530128AA71C0000C843C /* XCRemoteSwiftPackageReference "JGProgressHUD-SwiftUI" */,
			);
			productRefGroup = 5B0EA3C4288730CF009FAB90 /* Products */;
			projectDirPath = "";
			projectReferences = (
				{
					ProductGroup = 5B0EA46B28919BE5009FAB90 /* Products */;
					ProjectRef = 5B0EA46A28919BE5009FAB90 /* NotificationCenter.xcodeproj */;
				},
			);
			projectRoot = "";
			targets = (
				5B0EA3C2288730CF009FAB90 /* CanTestIt */,
				5B0EA3D8288730D1009FAB90 /* CanTestItTests */,
				5B0EA3E2288730D1009FAB90 /* CanTestItUITests */,
			);
		};
/* End PBXProject section */

/* Begin PBXReferenceProxy section */
		5B0EA46F28919BE5009FAB90 /* NotificationCenter.framework */ = {
			isa = PBXReferenceProxy;
			fileType = wrapper.framework;
			path = NotificationCenter.framework;
			remoteRef = 5B0EA46E28919BE5009FAB90 /* PBXContainerItemProxy */;
			sourceTree = BUILT_PRODUCTS_DIR;
		};
/* End PBXReferenceProxy section */

/* Begin PBXResourcesBuildPhase section */
		5B0EA3C1288730CF009FAB90 /* Resources */ = {
			isa = PBXResourcesBuildPhase;
			buildActionMask = 2147483647;
			files = (
				5B0EA3D3288730D1009FAB90 /* LaunchScreen.storyboard in Resources */,
				5B0EA41C2887EFD9009FAB90 /* Localizable.strings in Resources */,
				5B0EA3D0288730D1009FAB90 /* Assets.xcassets in Resources */,
			);
			runOnlyForDeploymentPostprocessing = 0;
		};
		5B0EA3D7288730D1009FAB90 /* Resources */ = {
			isa = PBXResourcesBuildPhase;
			buildActionMask = 2147483647;
			files = (
			);
			runOnlyForDeploymentPostprocessing = 0;
		};
		5B0EA3E1288730D1009FAB90 /* Resources */ = {
			isa = PBXResourcesBuildPhase;
			buildActionMask = 2147483647;
			files = (
			);
			runOnlyForDeploymentPostprocessing = 0;
		};
/* End PBXResourcesBuildPhase section */

/* Begin PBXSourcesBuildPhase section */
		5B0EA3BF288730CF009FAB90 /* Sources */ = {
			isa = PBXSourcesBuildPhase;
			buildActionMask = 2147483647;
			files = (
				5B0EA443288D7A46009FAB90 /* EventListTableViewCell.swift in Sources */,
				5B0EA460289021AC009FAB90 /* MenuViewModel.swift in Sources */,
				5B0EA452288EDFCF009FAB90 /* Event.swift in Sources */,
				5B0EA3F7288731D1009FAB90 /* AppCoordinator.swift in Sources */,
				5B0EA41A2887C545009FAB90 /* UIImage+Variables.swift in Sources */,
				5B0EA48D2892C8C4009FAB90 /* ImageCollectionViewDataSource.swift in Sources */,
				5B0EA42428880326009FAB90 /* Font+Extension.swift in Sources */,
				5B0EA3FE28873505009FAB90 /* Request.swift in Sources */,
				5B0EA43D288C439E009FAB90 /* EventListViewController.swift in Sources */,
				5B0EA46928905F9A009FAB90 /* MenuCoordinator.swift in Sources */,
				5B0EA45E2890219E009FAB90 /* MenuViewController.swift in Sources */,
				6C5452FB28AA3E79000C843C /* GetCategoriesRequest.swift in Sources */,
				5B0EA42C28883396009FAB90 /* LoginCoordinator.swift in Sources */,
				5B0EA4952892DFFD009FAB90 /* ImagePickerCoordinator.swift in Sources */,
				5B0EA438288B2F52009FAB90 /* UITextField+Extension.swift in Sources */,
				5B0EA454288EE472009FAB90 /* EventListDiffableDataSource.swift in Sources */,
				5B0EA44B288EB413009FAB90 /* UIViewController+Extension.swift in Sources */,
				6C54530028AA3F3A000C843C /* GetImagesRequest.swift in Sources */,
				5B0EA44D288ECA68009FAB90 /* BaseViewController.swift in Sources */,
				5B0EA42A2888231B009FAB90 /* UserDefaultsMenager.swift in Sources */,
				5B0EA4862892C196009FAB90 /* ImagePickerViewController.swift in Sources */,
				5B0EA4842892C13B009FAB90 /* ImagePickerCollectionViewFlowLayout.swift in Sources */,
				5B0EA41E2887F00B009FAB90 /* String+Extension.swift in Sources */,
				6C5452FD28AA3EC8000C843C /* ImagesAPIManager.swift in Sources */,
				5B0EA40028873523009FAB90 /* APIClient.swift in Sources */,
				5B0EA441288C446F009FAB90 /* EventListView.swift in Sources */,
				5B0EA436288B2B57009FAB90 /* InputField.swift in Sources */,
				5B0EA42628880345009FAB90 /* FontStyle.swift in Sources */,
				5B0EA41628873F65009FAB90 /* UIColor+Variables.swift in Sources */,
				5B0EA4912892CA85009FAB90 /* UICollectionView+Extension.swift in Sources */,
				5B0EA40C28873AD5009FAB90 /* IntroViewModel.swift in Sources */,
				5B0EA422288802F4009FAB90 /* Fonts.swift in Sources */,
				5B0EA4182887BBD3009FAB90 /* AppEngine.swift in Sources */,
				5B0EA40728873A2C009FAB90 /* LoginView.swift in Sources */,
				5B0EA49F2893123E009FAB90 /* EventFormView.swift in Sources */,
				5B0EA40E28873AED009FAB90 /* IntroView.swift in Sources */,
				5B0EA3FA2887322C009FAB90 /* Coordinator.swift in Sources */,
				6C54530A28AAC3F6000C843C /* EventImagesCache.swift in Sources */,
				5B0EA4932892CB2A009FAB90 /* ImageCollectionViewCell.swift in Sources */,
				6C54530528AA7CCC000C843C /* DateFormatter+Extension.swift in Sources */,
				5B0EA456288EE671009FAB90 /* UITableViewCell+Extension.swift in Sources */,
				5B0EA46428902313009FAB90 /* MenuListTableViewDataSource.swift in Sources */,
				5B0EA41228873EB7009FAB90 /* Color+Variables.swift in Sources */,
				5B0EA40228873872009FAB90 /* NetworkDispatcher.swift in Sources */,
				5B0EA45A288EE9FF009FAB90 /* EmptyEventListTableViewCell.swift in Sources */,
				5B0EA41428873F44009FAB90 /* UIColor+Extension.swift in Sources */,
				5B0EA458288EE689009FAB90 /* UITableView+Extension.swift in Sources */,
				6C5452F428AA3A37000C843C /* CreateEventRequest.swift in Sources */,
				5B0EA48A2892C1A9009FAB90 /* ImagePickerView.swift in Sources */,
				5B0EA4282888206F009FAB90 /* IntroCoordinator.swift in Sources */,
				6C54530728AAAE30000C843C /* CategoriesCache.swift in Sources */,
				5B0EA4202887FA6F009FAB90 /* CGFloat+Variables.swift in Sources */,
				5B0EA462289021B6009FAB90 /* MenuView.swift in Sources */,
				5B0EA447288D9038009FAB90 /* Then.swift in Sources */,
				5B0EA3C7288730CF009FAB90 /* AppDelegate.swift in Sources */,
				5B0EA4882892C1A0009FAB90 /* ImagePickerViewModel.swift in Sources */,
				6C5452F928AA3E43000C843C /* Category.swift in Sources */,
				5B0EA41028873CAB009FAB90 /* Logger.swift in Sources */,
				5B0EA449288DBDA3009FAB90 /* EventListCoordinator.swift in Sources */,
				5B0EA4A128931258009FAB90 /* EventFormViewController.swift in Sources */,
				6C5452F028AA37CD000C843C /* EventsAPIManager.swift in Sources */,
				5B0EA4042887389D009FAB90 /* Encodable+Dictionary.swift in Sources */,
				5B0EA434288AC3F2009FAB90 /* AppVariables.swift in Sources */,
				6C5452F728AA3D88000C843C /* CategoriesAPIManager.swift in Sources */,
				6C2E27A7289E92B000D95703 /* EventFormCoordinator.swift in Sources */,
				5B0EA445288D8195009FAB90 /* UIView+Extension.swift in Sources */,
				5B0EA40928873A38009FAB90 /* LoginViewModel.swift in Sources */,
				6C2E27AC28A045C700D95703 /* MagicDropDownConfig+Extension.swift in Sources */,
				5B0EA43F288C43AC009FAB90 /* EventListViewModel.swift in Sources */,
				5B0EA432288AB90B009FAB90 /* AttributedText.swift in Sources */,
				5B0EA3C9288730CF009FAB90 /* SceneDelegate.swift in Sources */,
				5B0EA44F288ECF43009FAB90 /* BaseView.swift in Sources */,
				5B0EA4672890241E009FAB90 /* MenuListTableViewCell.swift in Sources */,
				5B0EA48F2892CA55009FAB90 /* UICollectionViewCell+Extension.swift in Sources */,
				6C5452F228AA3A11000C843C /* GetEventsRequest.swift in Sources */,
				5B0EA43A288C31EA009FAB90 /* TextFieldWithPadding.swift in Sources */,
				5B0EA42E28885300009FAB90 /* Placeholder.swift in Sources */,
				5B0EA49D28931228009FAB90 /* EventFormViewModel.swift in Sources */,
				5B0EA4A328946E7C009FAB90 /* UIStackView+Extension.swift in Sources */,
			);
			runOnlyForDeploymentPostprocessing = 0;
		};
		5B0EA3D5288730D1009FAB90 /* Sources */ = {
			isa = PBXSourcesBuildPhase;
			buildActionMask = 2147483647;
			files = (
				5B0EA3DE288730D1009FAB90 /* CanTestItTests.swift in Sources */,
			);
			runOnlyForDeploymentPostprocessing = 0;
		};
		5B0EA3DF288730D1009FAB90 /* Sources */ = {
			isa = PBXSourcesBuildPhase;
			buildActionMask = 2147483647;
			files = (
				5B0EA3EA288730D1009FAB90 /* CanTestItUITestsLaunchTests.swift in Sources */,
				5B0EA3E8288730D1009FAB90 /* CanTestItUITests.swift in Sources */,
			);
			runOnlyForDeploymentPostprocessing = 0;
		};
/* End PBXSourcesBuildPhase section */

/* Begin PBXTargetDependency section */
		5B0EA3DB288730D1009FAB90 /* PBXTargetDependency */ = {
			isa = PBXTargetDependency;
			target = 5B0EA3C2288730CF009FAB90 /* CanTestIt */;
			targetProxy = 5B0EA3DA288730D1009FAB90 /* PBXContainerItemProxy */;
		};
		5B0EA3E5288730D1009FAB90 /* PBXTargetDependency */ = {
			isa = PBXTargetDependency;
			target = 5B0EA3C2288730CF009FAB90 /* CanTestIt */;
			targetProxy = 5B0EA3E4288730D1009FAB90 /* PBXContainerItemProxy */;
		};
/* End PBXTargetDependency section */

/* Begin PBXVariantGroup section */
		5B0EA3D1288730D1009FAB90 /* LaunchScreen.storyboard */ = {
			isa = PBXVariantGroup;
			children = (
				5B0EA3D2288730D1009FAB90 /* Base */,
			);
			name = LaunchScreen.storyboard;
			sourceTree = "<group>";
		};
/* End PBXVariantGroup section */

/* Begin XCBuildConfiguration section */
		5B0EA3EB288730D1009FAB90 /* Debug */ = {
			isa = XCBuildConfiguration;
			buildSettings = {
				ALWAYS_SEARCH_USER_PATHS = NO;
				CLANG_ANALYZER_NONNULL = YES;
				CLANG_ANALYZER_NUMBER_OBJECT_CONVERSION = YES_AGGRESSIVE;
				CLANG_CXX_LANGUAGE_STANDARD = "gnu++17";
				CLANG_ENABLE_MODULES = YES;
				CLANG_ENABLE_OBJC_ARC = YES;
				CLANG_ENABLE_OBJC_WEAK = YES;
				CLANG_WARN_BLOCK_CAPTURE_AUTORELEASING = YES;
				CLANG_WARN_BOOL_CONVERSION = YES;
				CLANG_WARN_COMMA = YES;
				CLANG_WARN_CONSTANT_CONVERSION = YES;
				CLANG_WARN_DEPRECATED_OBJC_IMPLEMENTATIONS = YES;
				CLANG_WARN_DIRECT_OBJC_ISA_USAGE = YES_ERROR;
				CLANG_WARN_DOCUMENTATION_COMMENTS = YES;
				CLANG_WARN_EMPTY_BODY = YES;
				CLANG_WARN_ENUM_CONVERSION = YES;
				CLANG_WARN_INFINITE_RECURSION = YES;
				CLANG_WARN_INT_CONVERSION = YES;
				CLANG_WARN_NON_LITERAL_NULL_CONVERSION = YES;
				CLANG_WARN_OBJC_IMPLICIT_RETAIN_SELF = YES;
				CLANG_WARN_OBJC_LITERAL_CONVERSION = YES;
				CLANG_WARN_OBJC_ROOT_CLASS = YES_ERROR;
				CLANG_WARN_QUOTED_INCLUDE_IN_FRAMEWORK_HEADER = YES;
				CLANG_WARN_RANGE_LOOP_ANALYSIS = YES;
				CLANG_WARN_STRICT_PROTOTYPES = YES;
				CLANG_WARN_SUSPICIOUS_MOVE = YES;
				CLANG_WARN_UNGUARDED_AVAILABILITY = YES_AGGRESSIVE;
				CLANG_WARN_UNREACHABLE_CODE = YES;
				CLANG_WARN__DUPLICATE_METHOD_MATCH = YES;
				COPY_PHASE_STRIP = NO;
				DEBUG_INFORMATION_FORMAT = dwarf;
				ENABLE_STRICT_OBJC_MSGSEND = YES;
				ENABLE_TESTABILITY = YES;
				GCC_C_LANGUAGE_STANDARD = gnu11;
				GCC_DYNAMIC_NO_PIC = NO;
				GCC_NO_COMMON_BLOCKS = YES;
				GCC_OPTIMIZATION_LEVEL = 0;
				GCC_PREPROCESSOR_DEFINITIONS = (
					"DEBUG=1",
					"$(inherited)",
				);
				GCC_WARN_64_TO_32_BIT_CONVERSION = YES;
				GCC_WARN_ABOUT_RETURN_TYPE = YES_ERROR;
				GCC_WARN_UNDECLARED_SELECTOR = YES;
				GCC_WARN_UNINITIALIZED_AUTOS = YES_AGGRESSIVE;
				GCC_WARN_UNUSED_FUNCTION = YES;
				GCC_WARN_UNUSED_VARIABLE = YES;
				IPHONEOS_DEPLOYMENT_TARGET = 15.4;
				MTL_ENABLE_DEBUG_INFO = INCLUDE_SOURCE;
				MTL_FAST_MATH = YES;
				ONLY_ACTIVE_ARCH = YES;
				SDKROOT = iphoneos;
				SWIFT_ACTIVE_COMPILATION_CONDITIONS = DEBUG;
				SWIFT_OPTIMIZATION_LEVEL = "-Onone";
			};
			name = Debug;
		};
		5B0EA3EC288730D1009FAB90 /* Release */ = {
			isa = XCBuildConfiguration;
			buildSettings = {
				ALWAYS_SEARCH_USER_PATHS = NO;
				CLANG_ANALYZER_NONNULL = YES;
				CLANG_ANALYZER_NUMBER_OBJECT_CONVERSION = YES_AGGRESSIVE;
				CLANG_CXX_LANGUAGE_STANDARD = "gnu++17";
				CLANG_ENABLE_MODULES = YES;
				CLANG_ENABLE_OBJC_ARC = YES;
				CLANG_ENABLE_OBJC_WEAK = YES;
				CLANG_WARN_BLOCK_CAPTURE_AUTORELEASING = YES;
				CLANG_WARN_BOOL_CONVERSION = YES;
				CLANG_WARN_COMMA = YES;
				CLANG_WARN_CONSTANT_CONVERSION = YES;
				CLANG_WARN_DEPRECATED_OBJC_IMPLEMENTATIONS = YES;
				CLANG_WARN_DIRECT_OBJC_ISA_USAGE = YES_ERROR;
				CLANG_WARN_DOCUMENTATION_COMMENTS = YES;
				CLANG_WARN_EMPTY_BODY = YES;
				CLANG_WARN_ENUM_CONVERSION = YES;
				CLANG_WARN_INFINITE_RECURSION = YES;
				CLANG_WARN_INT_CONVERSION = YES;
				CLANG_WARN_NON_LITERAL_NULL_CONVERSION = YES;
				CLANG_WARN_OBJC_IMPLICIT_RETAIN_SELF = YES;
				CLANG_WARN_OBJC_LITERAL_CONVERSION = YES;
				CLANG_WARN_OBJC_ROOT_CLASS = YES_ERROR;
				CLANG_WARN_QUOTED_INCLUDE_IN_FRAMEWORK_HEADER = YES;
				CLANG_WARN_RANGE_LOOP_ANALYSIS = YES;
				CLANG_WARN_STRICT_PROTOTYPES = YES;
				CLANG_WARN_SUSPICIOUS_MOVE = YES;
				CLANG_WARN_UNGUARDED_AVAILABILITY = YES_AGGRESSIVE;
				CLANG_WARN_UNREACHABLE_CODE = YES;
				CLANG_WARN__DUPLICATE_METHOD_MATCH = YES;
				COPY_PHASE_STRIP = NO;
				DEBUG_INFORMATION_FORMAT = "dwarf-with-dsym";
				ENABLE_NS_ASSERTIONS = NO;
				ENABLE_STRICT_OBJC_MSGSEND = YES;
				GCC_C_LANGUAGE_STANDARD = gnu11;
				GCC_NO_COMMON_BLOCKS = YES;
				GCC_WARN_64_TO_32_BIT_CONVERSION = YES;
				GCC_WARN_ABOUT_RETURN_TYPE = YES_ERROR;
				GCC_WARN_UNDECLARED_SELECTOR = YES;
				GCC_WARN_UNINITIALIZED_AUTOS = YES_AGGRESSIVE;
				GCC_WARN_UNUSED_FUNCTION = YES;
				GCC_WARN_UNUSED_VARIABLE = YES;
				IPHONEOS_DEPLOYMENT_TARGET = 15.4;
				MTL_ENABLE_DEBUG_INFO = NO;
				MTL_FAST_MATH = YES;
				SDKROOT = iphoneos;
				SWIFT_COMPILATION_MODE = wholemodule;
				SWIFT_OPTIMIZATION_LEVEL = "-O";
				VALIDATE_PRODUCT = YES;
			};
			name = Release;
		};
		5B0EA3EE288730D1009FAB90 /* Debug */ = {
			isa = XCBuildConfiguration;
			buildSettings = {
				ASSETCATALOG_COMPILER_APPICON_NAME = AppIcon;
				ASSETCATALOG_COMPILER_GLOBAL_ACCENT_COLOR_NAME = AccentColor;
				CODE_SIGN_STYLE = Automatic;
				CURRENT_PROJECT_VERSION = 1;
				GENERATE_INFOPLIST_FILE = YES;
				INFOPLIST_FILE = CanTestIt/Info.plist;
				INFOPLIST_KEY_UIApplicationSupportsIndirectInputEvents = YES;
				INFOPLIST_KEY_UILaunchStoryboardName = LaunchScreen;
				INFOPLIST_KEY_UISupportedInterfaceOrientations_iPad = "UIInterfaceOrientationPortrait UIInterfaceOrientationPortraitUpsideDown UIInterfaceOrientationLandscapeLeft UIInterfaceOrientationLandscapeRight";
				INFOPLIST_KEY_UISupportedInterfaceOrientations_iPhone = "UIInterfaceOrientationPortrait UIInterfaceOrientationLandscapeLeft UIInterfaceOrientationLandscapeRight";
				LD_RUNPATH_SEARCH_PATHS = (
					"$(inherited)",
					"@executable_path/Frameworks",
				);
				MARKETING_VERSION = 1.0;
				PRODUCT_BUNDLE_IDENTIFIER = canTestIt.com.CanTestIt;
				PRODUCT_NAME = "$(TARGET_NAME)";
				SWIFT_EMIT_LOC_STRINGS = YES;
				SWIFT_VERSION = 5.0;
				TARGETED_DEVICE_FAMILY = "1,2";
			};
			name = Debug;
		};
		5B0EA3EF288730D1009FAB90 /* Release */ = {
			isa = XCBuildConfiguration;
			buildSettings = {
				ASSETCATALOG_COMPILER_APPICON_NAME = AppIcon;
				ASSETCATALOG_COMPILER_GLOBAL_ACCENT_COLOR_NAME = AccentColor;
				CODE_SIGN_STYLE = Automatic;
				CURRENT_PROJECT_VERSION = 1;
				GENERATE_INFOPLIST_FILE = YES;
				INFOPLIST_FILE = CanTestIt/Info.plist;
				INFOPLIST_KEY_UIApplicationSupportsIndirectInputEvents = YES;
				INFOPLIST_KEY_UILaunchStoryboardName = LaunchScreen;
				INFOPLIST_KEY_UISupportedInterfaceOrientations_iPad = "UIInterfaceOrientationPortrait UIInterfaceOrientationPortraitUpsideDown UIInterfaceOrientationLandscapeLeft UIInterfaceOrientationLandscapeRight";
				INFOPLIST_KEY_UISupportedInterfaceOrientations_iPhone = "UIInterfaceOrientationPortrait UIInterfaceOrientationLandscapeLeft UIInterfaceOrientationLandscapeRight";
				LD_RUNPATH_SEARCH_PATHS = (
					"$(inherited)",
					"@executable_path/Frameworks",
				);
				MARKETING_VERSION = 1.0;
				PRODUCT_BUNDLE_IDENTIFIER = canTestIt.com.CanTestIt;
				PRODUCT_NAME = "$(TARGET_NAME)";
				SWIFT_EMIT_LOC_STRINGS = YES;
				SWIFT_VERSION = 5.0;
				TARGETED_DEVICE_FAMILY = "1,2";
			};
			name = Release;
		};
		5B0EA3F1288730D1009FAB90 /* Debug */ = {
			isa = XCBuildConfiguration;
			buildSettings = {
				ALWAYS_EMBED_SWIFT_STANDARD_LIBRARIES = YES;
				BUNDLE_LOADER = "$(TEST_HOST)";
				CODE_SIGN_STYLE = Automatic;
				CURRENT_PROJECT_VERSION = 1;
				GENERATE_INFOPLIST_FILE = YES;
				IPHONEOS_DEPLOYMENT_TARGET = 15.4;
				MARKETING_VERSION = 1.0;
				PRODUCT_BUNDLE_IDENTIFIER = canTestIt.com.CanTestItTests;
				PRODUCT_NAME = "$(TARGET_NAME)";
				SWIFT_EMIT_LOC_STRINGS = NO;
				SWIFT_VERSION = 5.0;
				TARGETED_DEVICE_FAMILY = "1,2";
				TEST_HOST = "$(BUILT_PRODUCTS_DIR)/CanTestIt.app/CanTestIt";
			};
			name = Debug;
		};
		5B0EA3F2288730D1009FAB90 /* Release */ = {
			isa = XCBuildConfiguration;
			buildSettings = {
				ALWAYS_EMBED_SWIFT_STANDARD_LIBRARIES = YES;
				BUNDLE_LOADER = "$(TEST_HOST)";
				CODE_SIGN_STYLE = Automatic;
				CURRENT_PROJECT_VERSION = 1;
				GENERATE_INFOPLIST_FILE = YES;
				IPHONEOS_DEPLOYMENT_TARGET = 15.4;
				MARKETING_VERSION = 1.0;
				PRODUCT_BUNDLE_IDENTIFIER = canTestIt.com.CanTestItTests;
				PRODUCT_NAME = "$(TARGET_NAME)";
				SWIFT_EMIT_LOC_STRINGS = NO;
				SWIFT_VERSION = 5.0;
				TARGETED_DEVICE_FAMILY = "1,2";
				TEST_HOST = "$(BUILT_PRODUCTS_DIR)/CanTestIt.app/CanTestIt";
			};
			name = Release;
		};
		5B0EA3F4288730D1009FAB90 /* Debug */ = {
			isa = XCBuildConfiguration;
			buildSettings = {
				ALWAYS_EMBED_SWIFT_STANDARD_LIBRARIES = YES;
				CODE_SIGN_STYLE = Automatic;
				CURRENT_PROJECT_VERSION = 1;
				GENERATE_INFOPLIST_FILE = YES;
				MARKETING_VERSION = 1.0;
				PRODUCT_BUNDLE_IDENTIFIER = canTestIt.com.CanTestItUITests;
				PRODUCT_NAME = "$(TARGET_NAME)";
				SWIFT_EMIT_LOC_STRINGS = NO;
				SWIFT_VERSION = 5.0;
				TARGETED_DEVICE_FAMILY = "1,2";
				TEST_TARGET_NAME = CanTestIt;
			};
			name = Debug;
		};
		5B0EA3F5288730D1009FAB90 /* Release */ = {
			isa = XCBuildConfiguration;
			buildSettings = {
				ALWAYS_EMBED_SWIFT_STANDARD_LIBRARIES = YES;
				CODE_SIGN_STYLE = Automatic;
				CURRENT_PROJECT_VERSION = 1;
				GENERATE_INFOPLIST_FILE = YES;
				MARKETING_VERSION = 1.0;
				PRODUCT_BUNDLE_IDENTIFIER = canTestIt.com.CanTestItUITests;
				PRODUCT_NAME = "$(TARGET_NAME)";
				SWIFT_EMIT_LOC_STRINGS = NO;
				SWIFT_VERSION = 5.0;
				TARGETED_DEVICE_FAMILY = "1,2";
				TEST_TARGET_NAME = CanTestIt;
			};
			name = Release;
		};
/* End XCBuildConfiguration section */

/* Begin XCConfigurationList section */
		5B0EA3BE288730CF009FAB90 /* Build configuration list for PBXProject "CanTestIt" */ = {
			isa = XCConfigurationList;
			buildConfigurations = (
				5B0EA3EB288730D1009FAB90 /* Debug */,
				5B0EA3EC288730D1009FAB90 /* Release */,
			);
			defaultConfigurationIsVisible = 0;
			defaultConfigurationName = Release;
		};
		5B0EA3ED288730D1009FAB90 /* Build configuration list for PBXNativeTarget "CanTestIt" */ = {
			isa = XCConfigurationList;
			buildConfigurations = (
				5B0EA3EE288730D1009FAB90 /* Debug */,
				5B0EA3EF288730D1009FAB90 /* Release */,
			);
			defaultConfigurationIsVisible = 0;
			defaultConfigurationName = Release;
		};
		5B0EA3F0288730D1009FAB90 /* Build configuration list for PBXNativeTarget "CanTestItTests" */ = {
			isa = XCConfigurationList;
			buildConfigurations = (
				5B0EA3F1288730D1009FAB90 /* Debug */,
				5B0EA3F2288730D1009FAB90 /* Release */,
			);
			defaultConfigurationIsVisible = 0;
			defaultConfigurationName = Release;
		};
		5B0EA3F3288730D1009FAB90 /* Build configuration list for PBXNativeTarget "CanTestItUITests" */ = {
			isa = XCConfigurationList;
			buildConfigurations = (
				5B0EA3F4288730D1009FAB90 /* Debug */,
				5B0EA3F5288730D1009FAB90 /* Release */,
			);
			defaultConfigurationIsVisible = 0;
			defaultConfigurationName = Release;
		};
/* End XCConfigurationList section */

/* Begin XCRemoteSwiftPackageReference section */
		5B0EA49728930F31009FAB90 /* XCRemoteSwiftPackageReference "UIMagicDropDown" */ = {
			isa = XCRemoteSwiftPackageReference;
			repositoryURL = "https://github.com/CodeNationDev/UIMagicDropDown";
			requirement = {
				kind = upToNextMajorVersion;
				minimumVersion = 1.0.0;
			};
		};
		6C54530128AA71C0000C843C /* XCRemoteSwiftPackageReference "JGProgressHUD-SwiftUI" */ = {
			isa = XCRemoteSwiftPackageReference;
			repositoryURL = "https://github.com/JonasGessner/JGProgressHUD-SwiftUI";
			requirement = {
				kind = upToNextMajorVersion;
				minimumVersion = 0.1.1;
			};
		};
/* End XCRemoteSwiftPackageReference section */

/* Begin XCSwiftPackageProductDependency section */
		5B0EA49828930F31009FAB90 /* UIMagicDropDown */ = {
			isa = XCSwiftPackageProductDependency;
			package = 5B0EA49728930F31009FAB90 /* XCRemoteSwiftPackageReference "UIMagicDropDown" */;
			productName = UIMagicDropDown;
		};
		6C54530228AA71C0000C843C /* JGProgressHUD-SwiftUI */ = {
			isa = XCSwiftPackageProductDependency;
			package = 6C54530128AA71C0000C843C /* XCRemoteSwiftPackageReference "JGProgressHUD-SwiftUI" */;
			productName = "JGProgressHUD-SwiftUI";
		};
/* End XCSwiftPackageProductDependency section */
	};
	rootObject = 5B0EA3BB288730CF009FAB90 /* Project object */;
}
