// !$*UTF8*$!
{
	archiveVersion = 1;
	classes = {
	};
	objectVersion = 55;
	objects = {

/* Begin PBXBuildFile section */
		5B0EA3C7288730CF009FAB90 /* AppDelegate.swift in Sources */ = {isa = PBXBuildFile; fileRef = 5B0EA3C6288730CF009FAB90 /* AppDelegate.swift */; };
		5B0EA3C9288730CF009FAB90 /* SceneDelegate.swift in Sources */ = {isa = PBXBuildFile; fileRef = 5B0EA3C8288730CF009FAB90 /* SceneDelegate.swift */; };
		5B0EA3D0288730D1009FAB90 /* Assets.xcassets in Resources */ = {isa = PBXBuildFile; fileRef = 5B0EA3CF288730D1009FAB90 /* Assets.xcassets */; };
		5B0EA3D3288730D1009FAB90 /* LaunchScreen.storyboard in Resources */ = {isa = PBXBuildFile; fileRef = 5B0EA3D1288730D1009FAB90 /* LaunchScreen.storyboard */; };
		5B0EA3DE288730D1009FAB90 /* CanTestItTests.swift in Sources */ = {isa = PBXBuildFile; fileRef = 5B0EA3DD288730D1009FAB90 /* CanTestItTests.swift */; };
		5B0EA3E8288730D1009FAB90 /* CanTestItUITests.swift in Sources */ = {isa = PBXBuildFile; fileRef = 5B0EA3E7288730D1009FAB90 /* CanTestItUITests.swift */; };
		5B0EA3EA288730D1009FAB90 /* CanTestItUITestsLaunchTests.swift in Sources */ = {isa = PBXBuildFile; fileRef = 5B0EA3E9288730D1009FAB90 /* CanTestItUITestsLaunchTests.swift */; };
		5B0EA3F7288731D1009FAB90 /* AppCoordinator.swift in Sources */ = {isa = PBXBuildFile; fileRef = 5B0EA3F6288731D1009FAB90 /* AppCoordinator.swift */; };
		5B0EA3FA2887322C009FAB90 /* Coordinator.swift in Sources */ = {isa = PBXBuildFile; fileRef = 5B0EA3F92887322C009FAB90 /* Coordinator.swift */; };
		5B0EA3FE28873505009FAB90 /* Request.swift in Sources */ = {isa = PBXBuildFile; fileRef = 5B0EA3FD28873505009FAB90 /* Request.swift */; };
		5B0EA40028873523009FAB90 /* APIClient.swift in Sources */ = {isa = PBXBuildFile; fileRef = 5B0EA3FF28873523009FAB90 /* APIClient.swift */; };
		5B0EA40228873872009FAB90 /* NetworkDispatcher.swift in Sources */ = {isa = PBXBuildFile; fileRef = 5B0EA40128873872009FAB90 /* NetworkDispatcher.swift */; };
		5B0EA4042887389D009FAB90 /* Encodable+Dictionary.swift in Sources */ = {isa = PBXBuildFile; fileRef = 5B0EA4032887389D009FAB90 /* Encodable+Dictionary.swift */; };
		5B0EA40728873A2C009FAB90 /* LoginView.swift in Sources */ = {isa = PBXBuildFile; fileRef = 5B0EA40628873A2C009FAB90 /* LoginView.swift */; };
		5B0EA40928873A38009FAB90 /* LoginViewModel.swift in Sources */ = {isa = PBXBuildFile; fileRef = 5B0EA40828873A38009FAB90 /* LoginViewModel.swift */; };
		5B0EA40C28873AD5009FAB90 /* IntroViewModel.swift in Sources */ = {isa = PBXBuildFile; fileRef = 5B0EA40B28873AD5009FAB90 /* IntroViewModel.swift */; };
		5B0EA40E28873AED009FAB90 /* IntroView.swift in Sources */ = {isa = PBXBuildFile; fileRef = 5B0EA40D28873AED009FAB90 /* IntroView.swift */; };
		5B0EA41028873CAB009FAB90 /* Logger.swift in Sources */ = {isa = PBXBuildFile; fileRef = 5B0EA40F28873CAB009FAB90 /* Logger.swift */; };
		5B0EA41228873EB7009FAB90 /* Color+Variables.swift in Sources */ = {isa = PBXBuildFile; fileRef = 5B0EA41128873EB7009FAB90 /* Color+Variables.swift */; };
		5B0EA41428873F44009FAB90 /* UIColor+Extension.swift in Sources */ = {isa = PBXBuildFile; fileRef = 5B0EA41328873F44009FAB90 /* UIColor+Extension.swift */; };
		5B0EA41628873F65009FAB90 /* UIColor+Variables.swift in Sources */ = {isa = PBXBuildFile; fileRef = 5B0EA41528873F65009FAB90 /* UIColor+Variables.swift */; };
		5B0EA4182887BBD3009FAB90 /* AppEngine.swift in Sources */ = {isa = PBXBuildFile; fileRef = 5B0EA4172887BBD3009FAB90 /* AppEngine.swift */; };
		5B0EA41A2887C545009FAB90 /* UIImage+Variables.swift in Sources */ = {isa = PBXBuildFile; fileRef = 5B0EA4192887C545009FAB90 /* UIImage+Variables.swift */; };
		5B0EA41C2887EFD9009FAB90 /* Localizable.strings in Resources */ = {isa = PBXBuildFile; fileRef = 5B0EA41B2887EFD9009FAB90 /* Localizable.strings */; };
		5B0EA41E2887F00B009FAB90 /* String+Extension.swift in Sources */ = {isa = PBXBuildFile; fileRef = 5B0EA41D2887F00B009FAB90 /* String+Extension.swift */; };
		5B0EA4202887FA6F009FAB90 /* CGFloat+Variables.swift in Sources */ = {isa = PBXBuildFile; fileRef = 5B0EA41F2887FA6F009FAB90 /* CGFloat+Variables.swift */; };
		5B0EA422288802F4009FAB90 /* Fonts.swift in Sources */ = {isa = PBXBuildFile; fileRef = 5B0EA421288802F4009FAB90 /* Fonts.swift */; };
		5B0EA42428880326009FAB90 /* Font+Extension.swift in Sources */ = {isa = PBXBuildFile; fileRef = 5B0EA42328880326009FAB90 /* Font+Extension.swift */; };
		5B0EA42628880345009FAB90 /* FontStyle.swift in Sources */ = {isa = PBXBuildFile; fileRef = 5B0EA42528880345009FAB90 /* FontStyle.swift */; };
		5B0EA4282888206F009FAB90 /* IntroCoordinator.swift in Sources */ = {isa = PBXBuildFile; fileRef = 5B0EA4272888206F009FAB90 /* IntroCoordinator.swift */; };
		5B0EA42A2888231B009FAB90 /* UserDefaultsMenager.swift in Sources */ = {isa = PBXBuildFile; fileRef = 5B0EA4292888231B009FAB90 /* UserDefaultsMenager.swift */; };
		5B0EA42C28883396009FAB90 /* LoginCoordinator.swift in Sources */ = {isa = PBXBuildFile; fileRef = 5B0EA42B28883396009FAB90 /* LoginCoordinator.swift */; };
		5B0EA42E28885300009FAB90 /* Placeholder.swift in Sources */ = {isa = PBXBuildFile; fileRef = 5B0EA42D28885300009FAB90 /* Placeholder.swift */; };
/* End PBXBuildFile section */

/* Begin PBXContainerItemProxy section */
		5B0EA3DA288730D1009FAB90 /* PBXContainerItemProxy */ = {
			isa = PBXContainerItemProxy;
			containerPortal = 5B0EA3BB288730CF009FAB90 /* Project object */;
			proxyType = 1;
			remoteGlobalIDString = 5B0EA3C2288730CF009FAB90;
			remoteInfo = CanTestIt;
		};
		5B0EA3E4288730D1009FAB90 /* PBXContainerItemProxy */ = {
			isa = PBXContainerItemProxy;
			containerPortal = 5B0EA3BB288730CF009FAB90 /* Project object */;
			proxyType = 1;
			remoteGlobalIDString = 5B0EA3C2288730CF009FAB90;
			remoteInfo = CanTestIt;
		};
/* End PBXContainerItemProxy section */

/* Begin PBXFileReference section */
		5B0EA3C3288730CF009FAB90 /* CanTestIt.app */ = {isa = PBXFileReference; explicitFileType = wrapper.application; includeInIndex = 0; path = CanTestIt.app; sourceTree = BUILT_PRODUCTS_DIR; };
		5B0EA3C6288730CF009FAB90 /* AppDelegate.swift */ = {isa = PBXFileReference; lastKnownFileType = sourcecode.swift; path = AppDelegate.swift; sourceTree = "<group>"; };
		5B0EA3C8288730CF009FAB90 /* SceneDelegate.swift */ = {isa = PBXFileReference; lastKnownFileType = sourcecode.swift; path = SceneDelegate.swift; sourceTree = "<group>"; };
		5B0EA3CF288730D1009FAB90 /* Assets.xcassets */ = {isa = PBXFileReference; lastKnownFileType = folder.assetcatalog; path = Assets.xcassets; sourceTree = "<group>"; };
		5B0EA3D2288730D1009FAB90 /* Base */ = {isa = PBXFileReference; lastKnownFileType = file.storyboard; name = Base; path = Base.lproj/LaunchScreen.storyboard; sourceTree = "<group>"; };
		5B0EA3D4288730D1009FAB90 /* Info.plist */ = {isa = PBXFileReference; lastKnownFileType = text.plist.xml; path = Info.plist; sourceTree = "<group>"; };
		5B0EA3D9288730D1009FAB90 /* CanTestItTests.xctest */ = {isa = PBXFileReference; explicitFileType = wrapper.cfbundle; includeInIndex = 0; path = CanTestItTests.xctest; sourceTree = BUILT_PRODUCTS_DIR; };
		5B0EA3DD288730D1009FAB90 /* CanTestItTests.swift */ = {isa = PBXFileReference; lastKnownFileType = sourcecode.swift; path = CanTestItTests.swift; sourceTree = "<group>"; };
		5B0EA3E3288730D1009FAB90 /* CanTestItUITests.xctest */ = {isa = PBXFileReference; explicitFileType = wrapper.cfbundle; includeInIndex = 0; path = CanTestItUITests.xctest; sourceTree = BUILT_PRODUCTS_DIR; };
		5B0EA3E7288730D1009FAB90 /* CanTestItUITests.swift */ = {isa = PBXFileReference; lastKnownFileType = sourcecode.swift; path = CanTestItUITests.swift; sourceTree = "<group>"; };
		5B0EA3E9288730D1009FAB90 /* CanTestItUITestsLaunchTests.swift */ = {isa = PBXFileReference; lastKnownFileType = sourcecode.swift; path = CanTestItUITestsLaunchTests.swift; sourceTree = "<group>"; };
		5B0EA3F6288731D1009FAB90 /* AppCoordinator.swift */ = {isa = PBXFileReference; lastKnownFileType = sourcecode.swift; path = AppCoordinator.swift; sourceTree = "<group>"; };
		5B0EA3F92887322C009FAB90 /* Coordinator.swift */ = {isa = PBXFileReference; lastKnownFileType = sourcecode.swift; path = Coordinator.swift; sourceTree = "<group>"; };
		5B0EA3FD28873505009FAB90 /* Request.swift */ = {isa = PBXFileReference; lastKnownFileType = sourcecode.swift; path = Request.swift; sourceTree = "<group>"; };
		5B0EA3FF28873523009FAB90 /* APIClient.swift */ = {isa = PBXFileReference; lastKnownFileType = sourcecode.swift; path = APIClient.swift; sourceTree = "<group>"; };
		5B0EA40128873872009FAB90 /* NetworkDispatcher.swift */ = {isa = PBXFileReference; lastKnownFileType = sourcecode.swift; path = NetworkDispatcher.swift; sourceTree = "<group>"; };
		5B0EA4032887389D009FAB90 /* Encodable+Dictionary.swift */ = {isa = PBXFileReference; lastKnownFileType = sourcecode.swift; path = "Encodable+Dictionary.swift"; sourceTree = "<group>"; };
		5B0EA40628873A2C009FAB90 /* LoginView.swift */ = {isa = PBXFileReference; lastKnownFileType = sourcecode.swift; path = LoginView.swift; sourceTree = "<group>"; };
		5B0EA40828873A38009FAB90 /* LoginViewModel.swift */ = {isa = PBXFileReference; lastKnownFileType = sourcecode.swift; path = LoginViewModel.swift; sourceTree = "<group>"; };
		5B0EA40B28873AD5009FAB90 /* IntroViewModel.swift */ = {isa = PBXFileReference; lastKnownFileType = sourcecode.swift; path = IntroViewModel.swift; sourceTree = "<group>"; };
		5B0EA40D28873AED009FAB90 /* IntroView.swift */ = {isa = PBXFileReference; lastKnownFileType = sourcecode.swift; path = IntroView.swift; sourceTree = "<group>"; };
		5B0EA40F28873CAB009FAB90 /* Logger.swift */ = {isa = PBXFileReference; lastKnownFileType = sourcecode.swift; path = Logger.swift; sourceTree = "<group>"; };
		5B0EA41128873EB7009FAB90 /* Color+Variables.swift */ = {isa = PBXFileReference; lastKnownFileType = sourcecode.swift; path = "Color+Variables.swift"; sourceTree = "<group>"; };
		5B0EA41328873F44009FAB90 /* UIColor+Extension.swift */ = {isa = PBXFileReference; lastKnownFileType = sourcecode.swift; path = "UIColor+Extension.swift"; sourceTree = "<group>"; };
		5B0EA41528873F65009FAB90 /* UIColor+Variables.swift */ = {isa = PBXFileReference; lastKnownFileType = sourcecode.swift; path = "UIColor+Variables.swift"; sourceTree = "<group>"; };
		5B0EA4172887BBD3009FAB90 /* AppEngine.swift */ = {isa = PBXFileReference; lastKnownFileType = sourcecode.swift; path = AppEngine.swift; sourceTree = "<group>"; };
		5B0EA4192887C545009FAB90 /* UIImage+Variables.swift */ = {isa = PBXFileReference; lastKnownFileType = sourcecode.swift; path = "UIImage+Variables.swift"; sourceTree = "<group>"; };
		5B0EA41B2887EFD9009FAB90 /* Localizable.strings */ = {isa = PBXFileReference; lastKnownFileType = text.plist.strings; path = Localizable.strings; sourceTree = "<group>"; };
		5B0EA41D2887F00B009FAB90 /* String+Extension.swift */ = {isa = PBXFileReference; lastKnownFileType = sourcecode.swift; path = "String+Extension.swift"; sourceTree = "<group>"; };
		5B0EA41F2887FA6F009FAB90 /* CGFloat+Variables.swift */ = {isa = PBXFileReference; lastKnownFileType = sourcecode.swift; path = "CGFloat+Variables.swift"; sourceTree = "<group>"; };
		5B0EA421288802F4009FAB90 /* Fonts.swift */ = {isa = PBXFileReference; lastKnownFileType = sourcecode.swift; path = Fonts.swift; sourceTree = "<group>"; };
		5B0EA42328880326009FAB90 /* Font+Extension.swift */ = {isa = PBXFileReference; lastKnownFileType = sourcecode.swift; path = "Font+Extension.swift"; sourceTree = "<group>"; };
		5B0EA42528880345009FAB90 /* FontStyle.swift */ = {isa = PBXFileReference; lastKnownFileType = sourcecode.swift; path = FontStyle.swift; sourceTree = "<group>"; };
		5B0EA4272888206F009FAB90 /* IntroCoordinator.swift */ = {isa = PBXFileReference; lastKnownFileType = sourcecode.swift; path = IntroCoordinator.swift; sourceTree = "<group>"; };
		5B0EA4292888231B009FAB90 /* UserDefaultsMenager.swift */ = {isa = PBXFileReference; lastKnownFileType = sourcecode.swift; path = UserDefaultsMenager.swift; sourceTree = "<group>"; };
		5B0EA42B28883396009FAB90 /* LoginCoordinator.swift */ = {isa = PBXFileReference; lastKnownFileType = sourcecode.swift; path = LoginCoordinator.swift; sourceTree = "<group>"; };
		5B0EA42D28885300009FAB90 /* Placeholder.swift */ = {isa = PBXFileReference; lastKnownFileType = sourcecode.swift; path = Placeholder.swift; sourceTree = "<group>"; };
/* End PBXFileReference section */

/* Begin PBXFrameworksBuildPhase section */
		5B0EA3C0288730CF009FAB90 /* Frameworks */ = {
			isa = PBXFrameworksBuildPhase;
			buildActionMask = 2147483647;
			files = (
			);
			runOnlyForDeploymentPostprocessing = 0;
		};
		5B0EA3D6288730D1009FAB90 /* Frameworks */ = {
			isa = PBXFrameworksBuildPhase;
			buildActionMask = 2147483647;
			files = (
			);
			runOnlyForDeploymentPostprocessing = 0;
		};
		5B0EA3E0288730D1009FAB90 /* Frameworks */ = {
			isa = PBXFrameworksBuildPhase;
			buildActionMask = 2147483647;
			files = (
			);
			runOnlyForDeploymentPostprocessing = 0;
		};
/* End PBXFrameworksBuildPhase section */

/* Begin PBXGroup section */
		5B0EA3BA288730CF009FAB90 = {
			isa = PBXGroup;
			children = (
				5B0EA3C5288730CF009FAB90 /* CanTestIt */,
				5B0EA3DC288730D1009FAB90 /* CanTestItTests */,
				5B0EA3E6288730D1009FAB90 /* CanTestItUITests */,
				5B0EA3C4288730CF009FAB90 /* Products */,
			);
			sourceTree = "<group>";
		};
		5B0EA3C4288730CF009FAB90 /* Products */ = {
			isa = PBXGroup;
			children = (
				5B0EA3C3288730CF009FAB90 /* CanTestIt.app */,
				5B0EA3D9288730D1009FAB90 /* CanTestItTests.xctest */,
				5B0EA3E3288730D1009FAB90 /* CanTestItUITests.xctest */,
			);
			name = Products;
			sourceTree = "<group>";
		};
		5B0EA3C5288730CF009FAB90 /* CanTestIt */ = {
			isa = PBXGroup;
			children = (
				5B0EA40A28873AC9009FAB90 /* Intro */,
				5B0EA40528873A1E009FAB90 /* Login */,
				5B0EA3FC288734F9009FAB90 /* Networking */,
				5B0EA3FB28873497009FAB90 /* Main */,
				5B0EA3F828873222009FAB90 /* Utils */,
				5B0EA3CF288730D1009FAB90 /* Assets.xcassets */,
				5B0EA3D1288730D1009FAB90 /* LaunchScreen.storyboard */,
				5B0EA41B2887EFD9009FAB90 /* Localizable.strings */,
				5B0EA3D4288730D1009FAB90 /* Info.plist */,
			);
			path = CanTestIt;
			sourceTree = "<group>";
		};
		5B0EA3DC288730D1009FAB90 /* CanTestItTests */ = {
			isa = PBXGroup;
			children = (
				5B0EA3DD288730D1009FAB90 /* CanTestItTests.swift */,
			);
			path = CanTestItTests;
			sourceTree = "<group>";
		};
		5B0EA3E6288730D1009FAB90 /* CanTestItUITests */ = {
			isa = PBXGroup;
			children = (
				5B0EA3E7288730D1009FAB90 /* CanTestItUITests.swift */,
				5B0EA3E9288730D1009FAB90 /* CanTestItUITestsLaunchTests.swift */,
			);
			path = CanTestItUITests;
			sourceTree = "<group>";
		};
		5B0EA3F828873222009FAB90 /* Utils */ = {
			isa = PBXGroup;
			children = (
				5B0EA3F92887322C009FAB90 /* Coordinator.swift */,
				5B0EA4032887389D009FAB90 /* Encodable+Dictionary.swift */,
				5B0EA40F28873CAB009FAB90 /* Logger.swift */,
				5B0EA41128873EB7009FAB90 /* Color+Variables.swift */,
				5B0EA41328873F44009FAB90 /* UIColor+Extension.swift */,
				5B0EA41528873F65009FAB90 /* UIColor+Variables.swift */,
				5B0EA4192887C545009FAB90 /* UIImage+Variables.swift */,
				5B0EA41D2887F00B009FAB90 /* String+Extension.swift */,
				5B0EA41F2887FA6F009FAB90 /* CGFloat+Variables.swift */,
				5B0EA421288802F4009FAB90 /* Fonts.swift */,
				5B0EA42328880326009FAB90 /* Font+Extension.swift */,
				5B0EA42528880345009FAB90 /* FontStyle.swift */,
				5B0EA42D28885300009FAB90 /* Placeholder.swift */,
			);
			path = Utils;
			sourceTree = "<group>";
		};
		5B0EA3FB28873497009FAB90 /* Main */ = {
			isa = PBXGroup;
			children = (
				5B0EA3C6288730CF009FAB90 /* AppDelegate.swift */,
				5B0EA3C8288730CF009FAB90 /* SceneDelegate.swift */,
				5B0EA3F6288731D1009FAB90 /* AppCoordinator.swift */,
				5B0EA4172887BBD3009FAB90 /* AppEngine.swift */,
				5B0EA4292888231B009FAB90 /* UserDefaultsMenager.swift */,
			);
			path = Main;
			sourceTree = "<group>";
		};
		5B0EA3FC288734F9009FAB90 /* Networking */ = {
			isa = PBXGroup;
			children = (
				5B0EA3FD28873505009FAB90 /* Request.swift */,
				5B0EA40128873872009FAB90 /* NetworkDispatcher.swift */,
				5B0EA3FF28873523009FAB90 /* APIClient.swift */,
			);
			path = Networking;
			sourceTree = "<group>";
		};
		5B0EA40528873A1E009FAB90 /* Login */ = {
			isa = PBXGroup;
			children = (
				5B0EA40628873A2C009FAB90 /* LoginView.swift */,
				5B0EA40828873A38009FAB90 /* LoginViewModel.swift */,
				5B0EA42B28883396009FAB90 /* LoginCoordinator.swift */,
			);
			path = Login;
			sourceTree = "<group>";
		};
		5B0EA40A28873AC9009FAB90 /* Intro */ = {
			isa = PBXGroup;
			children = (
				5B0EA40B28873AD5009FAB90 /* IntroViewModel.swift */,
				5B0EA40D28873AED009FAB90 /* IntroView.swift */,
				5B0EA4272888206F009FAB90 /* IntroCoordinator.swift */,
			);
			path = Intro;
			sourceTree = "<group>";
		};
/* End PBXGroup section */

/* Begin PBXNativeTarget section */
		5B0EA3C2288730CF009FAB90 /* CanTestIt */ = {
			isa = PBXNativeTarget;
			buildConfigurationList = 5B0EA3ED288730D1009FAB90 /* Build configuration list for PBXNativeTarget "CanTestIt" */;
			buildPhases = (
				5B0EA3BF288730CF009FAB90 /* Sources */,
				5B0EA3C0288730CF009FAB90 /* Frameworks */,
				5B0EA3C1288730CF009FAB90 /* Resources */,
			);
			buildRules = (
			);
			dependencies = (
			);
			name = CanTestIt;
			productName = CanTestIt;
			productReference = 5B0EA3C3288730CF009FAB90 /* CanTestIt.app */;
			productType = "com.apple.product-type.application";
		};
		5B0EA3D8288730D1009FAB90 /* CanTestItTests */ = {
			isa = PBXNativeTarget;
			buildConfigurationList = 5B0EA3F0288730D1009FAB90 /* Build configuration list for PBXNativeTarget "CanTestItTests" */;
			buildPhases = (
				5B0EA3D5288730D1009FAB90 /* Sources */,
				5B0EA3D6288730D1009FAB90 /* Frameworks */,
				5B0EA3D7288730D1009FAB90 /* Resources */,
			);
			buildRules = (
			);
			dependencies = (
				5B0EA3DB288730D1009FAB90 /* PBXTargetDependency */,
			);
			name = CanTestItTests;
			productName = CanTestItTests;
			productReference = 5B0EA3D9288730D1009FAB90 /* CanTestItTests.xctest */;
			productType = "com.apple.product-type.bundle.unit-test";
		};
		5B0EA3E2288730D1009FAB90 /* CanTestItUITests */ = {
			isa = PBXNativeTarget;
			buildConfigurationList = 5B0EA3F3288730D1009FAB90 /* Build configuration list for PBXNativeTarget "CanTestItUITests" */;
			buildPhases = (
				5B0EA3DF288730D1009FAB90 /* Sources */,
				5B0EA3E0288730D1009FAB90 /* Frameworks */,
				5B0EA3E1288730D1009FAB90 /* Resources */,
			);
			buildRules = (
			);
			dependencies = (
				5B0EA3E5288730D1009FAB90 /* PBXTargetDependency */,
			);
			name = CanTestItUITests;
			productName = CanTestItUITests;
			productReference = 5B0EA3E3288730D1009FAB90 /* CanTestItUITests.xctest */;
			productType = "com.apple.product-type.bundle.ui-testing";
		};
/* End PBXNativeTarget section */

/* Begin PBXProject section */
		5B0EA3BB288730CF009FAB90 /* Project object */ = {
			isa = PBXProject;
			attributes = {
				BuildIndependentTargetsInParallel = 1;
				LastSwiftUpdateCheck = 1330;
				LastUpgradeCheck = 1330;
				TargetAttributes = {
					5B0EA3C2288730CF009FAB90 = {
						CreatedOnToolsVersion = 13.3.1;
					};
					5B0EA3D8288730D1009FAB90 = {
						CreatedOnToolsVersion = 13.3.1;
						TestTargetID = 5B0EA3C2288730CF009FAB90;
					};
					5B0EA3E2288730D1009FAB90 = {
						CreatedOnToolsVersion = 13.3.1;
						TestTargetID = 5B0EA3C2288730CF009FAB90;
					};
				};
			};
			buildConfigurationList = 5B0EA3BE288730CF009FAB90 /* Build configuration list for PBXProject "CanTestIt" */;
			compatibilityVersion = "Xcode 13.0";
			developmentRegion = en;
			hasScannedForEncodings = 0;
			knownRegions = (
				en,
				Base,
			);
			mainGroup = 5B0EA3BA288730CF009FAB90;
			productRefGroup = 5B0EA3C4288730CF009FAB90 /* Products */;
			projectDirPath = "";
			projectRoot = "";
			targets = (
				5B0EA3C2288730CF009FAB90 /* CanTestIt */,
				5B0EA3D8288730D1009FAB90 /* CanTestItTests */,
				5B0EA3E2288730D1009FAB90 /* CanTestItUITests */,
			);
		};
/* End PBXProject section */

/* Begin PBXResourcesBuildPhase section */
		5B0EA3C1288730CF009FAB90 /* Resources */ = {
			isa = PBXResourcesBuildPhase;
			buildActionMask = 2147483647;
			files = (
				5B0EA3D3288730D1009FAB90 /* LaunchScreen.storyboard in Resources */,
				5B0EA41C2887EFD9009FAB90 /* Localizable.strings in Resources */,
				5B0EA3D0288730D1009FAB90 /* Assets.xcassets in Resources */,
			);
			runOnlyForDeploymentPostprocessing = 0;
		};
		5B0EA3D7288730D1009FAB90 /* Resources */ = {
			isa = PBXResourcesBuildPhase;
			buildActionMask = 2147483647;
			files = (
			);
			runOnlyForDeploymentPostprocessing = 0;
		};
		5B0EA3E1288730D1009FAB90 /* Resources */ = {
			isa = PBXResourcesBuildPhase;
			buildActionMask = 2147483647;
			files = (
			);
			runOnlyForDeploymentPostprocessing = 0;
		};
/* End PBXResourcesBuildPhase section */

/* Begin PBXSourcesBuildPhase section */
		5B0EA3BF288730CF009FAB90 /* Sources */ = {
			isa = PBXSourcesBuildPhase;
			buildActionMask = 2147483647;
			files = (
				5B0EA3F7288731D1009FAB90 /* AppCoordinator.swift in Sources */,
				5B0EA41A2887C545009FAB90 /* UIImage+Variables.swift in Sources */,
				5B0EA42428880326009FAB90 /* Font+Extension.swift in Sources */,
				5B0EA3FE28873505009FAB90 /* Request.swift in Sources */,
				5B0EA42C28883396009FAB90 /* LoginCoordinator.swift in Sources */,
				5B0EA42A2888231B009FAB90 /* UserDefaultsMenager.swift in Sources */,
				5B0EA41E2887F00B009FAB90 /* String+Extension.swift in Sources */,
				5B0EA40028873523009FAB90 /* APIClient.swift in Sources */,
				5B0EA42628880345009FAB90 /* FontStyle.swift in Sources */,
				5B0EA41628873F65009FAB90 /* UIColor+Variables.swift in Sources */,
				5B0EA40C28873AD5009FAB90 /* IntroViewModel.swift in Sources */,
				5B0EA422288802F4009FAB90 /* Fonts.swift in Sources */,
				5B0EA4182887BBD3009FAB90 /* AppEngine.swift in Sources */,
				5B0EA40728873A2C009FAB90 /* LoginView.swift in Sources */,
				5B0EA40E28873AED009FAB90 /* IntroView.swift in Sources */,
				5B0EA3FA2887322C009FAB90 /* Coordinator.swift in Sources */,
				5B0EA41228873EB7009FAB90 /* Color+Variables.swift in Sources */,
				5B0EA40228873872009FAB90 /* NetworkDispatcher.swift in Sources */,
				5B0EA41428873F44009FAB90 /* UIColor+Extension.swift in Sources */,
				5B0EA4282888206F009FAB90 /* IntroCoordinator.swift in Sources */,
				5B0EA4202887FA6F009FAB90 /* CGFloat+Variables.swift in Sources */,
				5B0EA3C7288730CF009FAB90 /* AppDelegate.swift in Sources */,
				5B0EA41028873CAB009FAB90 /* Logger.swift in Sources */,
				5B0EA4042887389D009FAB90 /* Encodable+Dictionary.swift in Sources */,
				5B0EA40928873A38009FAB90 /* LoginViewModel.swift in Sources */,
				5B0EA3C9288730CF009FAB90 /* SceneDelegate.swift in Sources */,
				5B0EA42E28885300009FAB90 /* Placeholder.swift in Sources */,
			);
			runOnlyForDeploymentPostprocessing = 0;
		};
		5B0EA3D5288730D1009FAB90 /* Sources */ = {
			isa = PBXSourcesBuildPhase;
			buildActionMask = 2147483647;
			files = (
				5B0EA3DE288730D1009FAB90 /* CanTestItTests.swift in Sources */,
			);
			runOnlyForDeploymentPostprocessing = 0;
		};
		5B0EA3DF288730D1009FAB90 /* Sources */ = {
			isa = PBXSourcesBuildPhase;
			buildActionMask = 2147483647;
			files = (
				5B0EA3EA288730D1009FAB90 /* CanTestItUITestsLaunchTests.swift in Sources */,
				5B0EA3E8288730D1009FAB90 /* CanTestItUITests.swift in Sources */,
			);
			runOnlyForDeploymentPostprocessing = 0;
		};
/* End PBXSourcesBuildPhase section */

/* Begin PBXTargetDependency section */
		5B0EA3DB288730D1009FAB90 /* PBXTargetDependency */ = {
			isa = PBXTargetDependency;
			target = 5B0EA3C2288730CF009FAB90 /* CanTestIt */;
			targetProxy = 5B0EA3DA288730D1009FAB90 /* PBXContainerItemProxy */;
		};
		5B0EA3E5288730D1009FAB90 /* PBXTargetDependency */ = {
			isa = PBXTargetDependency;
			target = 5B0EA3C2288730CF009FAB90 /* CanTestIt */;
			targetProxy = 5B0EA3E4288730D1009FAB90 /* PBXContainerItemProxy */;
		};
/* End PBXTargetDependency section */

/* Begin PBXVariantGroup section */
		5B0EA3D1288730D1009FAB90 /* LaunchScreen.storyboard */ = {
			isa = PBXVariantGroup;
			children = (
				5B0EA3D2288730D1009FAB90 /* Base */,
			);
			name = LaunchScreen.storyboard;
			sourceTree = "<group>";
		};
/* End PBXVariantGroup section */

/* Begin XCBuildConfiguration section */
		5B0EA3EB288730D1009FAB90 /* Debug */ = {
			isa = XCBuildConfiguration;
			buildSettings = {
				ALWAYS_SEARCH_USER_PATHS = NO;
				CLANG_ANALYZER_NONNULL = YES;
				CLANG_ANALYZER_NUMBER_OBJECT_CONVERSION = YES_AGGRESSIVE;
				CLANG_CXX_LANGUAGE_STANDARD = "gnu++17";
				CLANG_ENABLE_MODULES = YES;
				CLANG_ENABLE_OBJC_ARC = YES;
				CLANG_ENABLE_OBJC_WEAK = YES;
				CLANG_WARN_BLOCK_CAPTURE_AUTORELEASING = YES;
				CLANG_WARN_BOOL_CONVERSION = YES;
				CLANG_WARN_COMMA = YES;
				CLANG_WARN_CONSTANT_CONVERSION = YES;
				CLANG_WARN_DEPRECATED_OBJC_IMPLEMENTATIONS = YES;
				CLANG_WARN_DIRECT_OBJC_ISA_USAGE = YES_ERROR;
				CLANG_WARN_DOCUMENTATION_COMMENTS = YES;
				CLANG_WARN_EMPTY_BODY = YES;
				CLANG_WARN_ENUM_CONVERSION = YES;
				CLANG_WARN_INFINITE_RECURSION = YES;
				CLANG_WARN_INT_CONVERSION = YES;
				CLANG_WARN_NON_LITERAL_NULL_CONVERSION = YES;
				CLANG_WARN_OBJC_IMPLICIT_RETAIN_SELF = YES;
				CLANG_WARN_OBJC_LITERAL_CONVERSION = YES;
				CLANG_WARN_OBJC_ROOT_CLASS = YES_ERROR;
				CLANG_WARN_QUOTED_INCLUDE_IN_FRAMEWORK_HEADER = YES;
				CLANG_WARN_RANGE_LOOP_ANALYSIS = YES;
				CLANG_WARN_STRICT_PROTOTYPES = YES;
				CLANG_WARN_SUSPICIOUS_MOVE = YES;
				CLANG_WARN_UNGUARDED_AVAILABILITY = YES_AGGRESSIVE;
				CLANG_WARN_UNREACHABLE_CODE = YES;
				CLANG_WARN__DUPLICATE_METHOD_MATCH = YES;
				COPY_PHASE_STRIP = NO;
				DEBUG_INFORMATION_FORMAT = dwarf;
				ENABLE_STRICT_OBJC_MSGSEND = YES;
				ENABLE_TESTABILITY = YES;
				GCC_C_LANGUAGE_STANDARD = gnu11;
				GCC_DYNAMIC_NO_PIC = NO;
				GCC_NO_COMMON_BLOCKS = YES;
				GCC_OPTIMIZATION_LEVEL = 0;
				GCC_PREPROCESSOR_DEFINITIONS = (
					"DEBUG=1",
					"$(inherited)",
				);
				GCC_WARN_64_TO_32_BIT_CONVERSION = YES;
				GCC_WARN_ABOUT_RETURN_TYPE = YES_ERROR;
				GCC_WARN_UNDECLARED_SELECTOR = YES;
				GCC_WARN_UNINITIALIZED_AUTOS = YES_AGGRESSIVE;
				GCC_WARN_UNUSED_FUNCTION = YES;
				GCC_WARN_UNUSED_VARIABLE = YES;
				IPHONEOS_DEPLOYMENT_TARGET = 15.4;
				MTL_ENABLE_DEBUG_INFO = INCLUDE_SOURCE;
				MTL_FAST_MATH = YES;
				ONLY_ACTIVE_ARCH = YES;
				SDKROOT = iphoneos;
				SWIFT_ACTIVE_COMPILATION_CONDITIONS = DEBUG;
				SWIFT_OPTIMIZATION_LEVEL = "-Onone";
			};
			name = Debug;
		};
		5B0EA3EC288730D1009FAB90 /* Release */ = {
			isa = XCBuildConfiguration;
			buildSettings = {
				ALWAYS_SEARCH_USER_PATHS = NO;
				CLANG_ANALYZER_NONNULL = YES;
				CLANG_ANALYZER_NUMBER_OBJECT_CONVERSION = YES_AGGRESSIVE;
				CLANG_CXX_LANGUAGE_STANDARD = "gnu++17";
				CLANG_ENABLE_MODULES = YES;
				CLANG_ENABLE_OBJC_ARC = YES;
				CLANG_ENABLE_OBJC_WEAK = YES;
				CLANG_WARN_BLOCK_CAPTURE_AUTORELEASING = YES;
				CLANG_WARN_BOOL_CONVERSION = YES;
				CLANG_WARN_COMMA = YES;
				CLANG_WARN_CONSTANT_CONVERSION = YES;
				CLANG_WARN_DEPRECATED_OBJC_IMPLEMENTATIONS = YES;
				CLANG_WARN_DIRECT_OBJC_ISA_USAGE = YES_ERROR;
				CLANG_WARN_DOCUMENTATION_COMMENTS = YES;
				CLANG_WARN_EMPTY_BODY = YES;
				CLANG_WARN_ENUM_CONVERSION = YES;
				CLANG_WARN_INFINITE_RECURSION = YES;
				CLANG_WARN_INT_CONVERSION = YES;
				CLANG_WARN_NON_LITERAL_NULL_CONVERSION = YES;
				CLANG_WARN_OBJC_IMPLICIT_RETAIN_SELF = YES;
				CLANG_WARN_OBJC_LITERAL_CONVERSION = YES;
				CLANG_WARN_OBJC_ROOT_CLASS = YES_ERROR;
				CLANG_WARN_QUOTED_INCLUDE_IN_FRAMEWORK_HEADER = YES;
				CLANG_WARN_RANGE_LOOP_ANALYSIS = YES;
				CLANG_WARN_STRICT_PROTOTYPES = YES;
				CLANG_WARN_SUSPICIOUS_MOVE = YES;
				CLANG_WARN_UNGUARDED_AVAILABILITY = YES_AGGRESSIVE;
				CLANG_WARN_UNREACHABLE_CODE = YES;
				CLANG_WARN__DUPLICATE_METHOD_MATCH = YES;
				COPY_PHASE_STRIP = NO;
				DEBUG_INFORMATION_FORMAT = "dwarf-with-dsym";
				ENABLE_NS_ASSERTIONS = NO;
				ENABLE_STRICT_OBJC_MSGSEND = YES;
				GCC_C_LANGUAGE_STANDARD = gnu11;
				GCC_NO_COMMON_BLOCKS = YES;
				GCC_WARN_64_TO_32_BIT_CONVERSION = YES;
				GCC_WARN_ABOUT_RETURN_TYPE = YES_ERROR;
				GCC_WARN_UNDECLARED_SELECTOR = YES;
				GCC_WARN_UNINITIALIZED_AUTOS = YES_AGGRESSIVE;
				GCC_WARN_UNUSED_FUNCTION = YES;
				GCC_WARN_UNUSED_VARIABLE = YES;
				IPHONEOS_DEPLOYMENT_TARGET = 15.4;
				MTL_ENABLE_DEBUG_INFO = NO;
				MTL_FAST_MATH = YES;
				SDKROOT = iphoneos;
				SWIFT_COMPILATION_MODE = wholemodule;
				SWIFT_OPTIMIZATION_LEVEL = "-O";
				VALIDATE_PRODUCT = YES;
			};
			name = Release;
		};
		5B0EA3EE288730D1009FAB90 /* Debug */ = {
			isa = XCBuildConfiguration;
			buildSettings = {
				ASSETCATALOG_COMPILER_APPICON_NAME = AppIcon;
				ASSETCATALOG_COMPILER_GLOBAL_ACCENT_COLOR_NAME = AccentColor;
				CODE_SIGN_STYLE = Automatic;
				CURRENT_PROJECT_VERSION = 1;
				GENERATE_INFOPLIST_FILE = YES;
				INFOPLIST_FILE = CanTestIt/Info.plist;
				INFOPLIST_KEY_UIApplicationSupportsIndirectInputEvents = YES;
				INFOPLIST_KEY_UILaunchStoryboardName = LaunchScreen;
				INFOPLIST_KEY_UISupportedInterfaceOrientations_iPad = "UIInterfaceOrientationPortrait UIInterfaceOrientationPortraitUpsideDown UIInterfaceOrientationLandscapeLeft UIInterfaceOrientationLandscapeRight";
				INFOPLIST_KEY_UISupportedInterfaceOrientations_iPhone = "UIInterfaceOrientationPortrait UIInterfaceOrientationLandscapeLeft UIInterfaceOrientationLandscapeRight";
				LD_RUNPATH_SEARCH_PATHS = (
					"$(inherited)",
					"@executable_path/Frameworks",
				);
				MARKETING_VERSION = 1.0;
				PRODUCT_BUNDLE_IDENTIFIER = canTestIt.com.CanTestIt;
				PRODUCT_NAME = "$(TARGET_NAME)";
				SWIFT_EMIT_LOC_STRINGS = YES;
				SWIFT_VERSION = 5.0;
				TARGETED_DEVICE_FAMILY = "1,2";
			};
			name = Debug;
		};
		5B0EA3EF288730D1009FAB90 /* Release */ = {
			isa = XCBuildConfiguration;
			buildSettings = {
				ASSETCATALOG_COMPILER_APPICON_NAME = AppIcon;
				ASSETCATALOG_COMPILER_GLOBAL_ACCENT_COLOR_NAME = AccentColor;
				CODE_SIGN_STYLE = Automatic;
				CURRENT_PROJECT_VERSION = 1;
				GENERATE_INFOPLIST_FILE = YES;
				INFOPLIST_FILE = CanTestIt/Info.plist;
				INFOPLIST_KEY_UIApplicationSupportsIndirectInputEvents = YES;
				INFOPLIST_KEY_UILaunchStoryboardName = LaunchScreen;
				INFOPLIST_KEY_UISupportedInterfaceOrientations_iPad = "UIInterfaceOrientationPortrait UIInterfaceOrientationPortraitUpsideDown UIInterfaceOrientationLandscapeLeft UIInterfaceOrientationLandscapeRight";
				INFOPLIST_KEY_UISupportedInterfaceOrientations_iPhone = "UIInterfaceOrientationPortrait UIInterfaceOrientationLandscapeLeft UIInterfaceOrientationLandscapeRight";
				LD_RUNPATH_SEARCH_PATHS = (
					"$(inherited)",
					"@executable_path/Frameworks",
				);
				MARKETING_VERSION = 1.0;
				PRODUCT_BUNDLE_IDENTIFIER = canTestIt.com.CanTestIt;
				PRODUCT_NAME = "$(TARGET_NAME)";
				SWIFT_EMIT_LOC_STRINGS = YES;
				SWIFT_VERSION = 5.0;
				TARGETED_DEVICE_FAMILY = "1,2";
			};
			name = Release;
		};
		5B0EA3F1288730D1009FAB90 /* Debug */ = {
			isa = XCBuildConfiguration;
			buildSettings = {
				ALWAYS_EMBED_SWIFT_STANDARD_LIBRARIES = YES;
				BUNDLE_LOADER = "$(TEST_HOST)";
				CODE_SIGN_STYLE = Automatic;
				CURRENT_PROJECT_VERSION = 1;
				GENERATE_INFOPLIST_FILE = YES;
				IPHONEOS_DEPLOYMENT_TARGET = 15.4;
				MARKETING_VERSION = 1.0;
				PRODUCT_BUNDLE_IDENTIFIER = canTestIt.com.CanTestItTests;
				PRODUCT_NAME = "$(TARGET_NAME)";
				SWIFT_EMIT_LOC_STRINGS = NO;
				SWIFT_VERSION = 5.0;
				TARGETED_DEVICE_FAMILY = "1,2";
				TEST_HOST = "$(BUILT_PRODUCTS_DIR)/CanTestIt.app/CanTestIt";
			};
			name = Debug;
		};
		5B0EA3F2288730D1009FAB90 /* Release */ = {
			isa = XCBuildConfiguration;
			buildSettings = {
				ALWAYS_EMBED_SWIFT_STANDARD_LIBRARIES = YES;
				BUNDLE_LOADER = "$(TEST_HOST)";
				CODE_SIGN_STYLE = Automatic;
				CURRENT_PROJECT_VERSION = 1;
				GENERATE_INFOPLIST_FILE = YES;
				IPHONEOS_DEPLOYMENT_TARGET = 15.4;
				MARKETING_VERSION = 1.0;
				PRODUCT_BUNDLE_IDENTIFIER = canTestIt.com.CanTestItTests;
				PRODUCT_NAME = "$(TARGET_NAME)";
				SWIFT_EMIT_LOC_STRINGS = NO;
				SWIFT_VERSION = 5.0;
				TARGETED_DEVICE_FAMILY = "1,2";
				TEST_HOST = "$(BUILT_PRODUCTS_DIR)/CanTestIt.app/CanTestIt";
			};
			name = Release;
		};
		5B0EA3F4288730D1009FAB90 /* Debug */ = {
			isa = XCBuildConfiguration;
			buildSettings = {
				ALWAYS_EMBED_SWIFT_STANDARD_LIBRARIES = YES;
				CODE_SIGN_STYLE = Automatic;
				CURRENT_PROJECT_VERSION = 1;
				GENERATE_INFOPLIST_FILE = YES;
				MARKETING_VERSION = 1.0;
				PRODUCT_BUNDLE_IDENTIFIER = canTestIt.com.CanTestItUITests;
				PRODUCT_NAME = "$(TARGET_NAME)";
				SWIFT_EMIT_LOC_STRINGS = NO;
				SWIFT_VERSION = 5.0;
				TARGETED_DEVICE_FAMILY = "1,2";
				TEST_TARGET_NAME = CanTestIt;
			};
			name = Debug;
		};
		5B0EA3F5288730D1009FAB90 /* Release */ = {
			isa = XCBuildConfiguration;
			buildSettings = {
				ALWAYS_EMBED_SWIFT_STANDARD_LIBRARIES = YES;
				CODE_SIGN_STYLE = Automatic;
				CURRENT_PROJECT_VERSION = 1;
				GENERATE_INFOPLIST_FILE = YES;
				MARKETING_VERSION = 1.0;
				PRODUCT_BUNDLE_IDENTIFIER = canTestIt.com.CanTestItUITests;
				PRODUCT_NAME = "$(TARGET_NAME)";
				SWIFT_EMIT_LOC_STRINGS = NO;
				SWIFT_VERSION = 5.0;
				TARGETED_DEVICE_FAMILY = "1,2";
				TEST_TARGET_NAME = CanTestIt;
			};
			name = Release;
		};
/* End XCBuildConfiguration section */

/* Begin XCConfigurationList section */
		5B0EA3BE288730CF009FAB90 /* Build configuration list for PBXProject "CanTestIt" */ = {
			isa = XCConfigurationList;
			buildConfigurations = (
				5B0EA3EB288730D1009FAB90 /* Debug */,
				5B0EA3EC288730D1009FAB90 /* Release */,
			);
			defaultConfigurationIsVisible = 0;
			defaultConfigurationName = Release;
		};
		5B0EA3ED288730D1009FAB90 /* Build configuration list for PBXNativeTarget "CanTestIt" */ = {
			isa = XCConfigurationList;
			buildConfigurations = (
				5B0EA3EE288730D1009FAB90 /* Debug */,
				5B0EA3EF288730D1009FAB90 /* Release */,
			);
			defaultConfigurationIsVisible = 0;
			defaultConfigurationName = Release;
		};
		5B0EA3F0288730D1009FAB90 /* Build configuration list for PBXNativeTarget "CanTestItTests" */ = {
			isa = XCConfigurationList;
			buildConfigurations = (
				5B0EA3F1288730D1009FAB90 /* Debug */,
				5B0EA3F2288730D1009FAB90 /* Release */,
			);
			defaultConfigurationIsVisible = 0;
			defaultConfigurationName = Release;
		};
		5B0EA3F3288730D1009FAB90 /* Build configuration list for PBXNativeTarget "CanTestItUITests" */ = {
			isa = XCConfigurationList;
			buildConfigurations = (
				5B0EA3F4288730D1009FAB90 /* Debug */,
				5B0EA3F5288730D1009FAB90 /* Release */,
			);
			defaultConfigurationIsVisible = 0;
			defaultConfigurationName = Release;
		};
/* End XCConfigurationList section */
	};
	rootObject = 5B0EA3BB288730CF009FAB90 /* Project object */;
}
