{
  "pins" : [
    {
      "identity" : "jgprogresshud",
      "kind" : "remoteSourceControl",
      "location" : "https://github.com/JonasGessner/JGProgressHUD.git",
      "state" : {
        "revision" : "78d7cd35f1d90ff74fd82e486f2cbe4b24be8cf9",
        "version" : "2.2.0"
      }
    },
    {
      "identity" : "jgprogresshud-swiftui",
      "kind" : "remoteSourceControl",
      "location" : "https://github.com/JonasGessner/JGProgressHUD-SwiftUI",
      "state" : {
        "revision" : "a173f018132a48e11b5e0bbca9a3dac30ce3f0ae",
        "version" : "0.1.1"
      }
    },
    {
      "identity" : "kingfisher",
      "kind" : "remoteSourceControl",
      "location" : "https://github.com/onevcat/Kingfisher.git",
      "state" : {
        "revision" : "af4be924ad984cf4d16f4ae4df424e79a443d435",
        "version" : "7.6.2"
      }
    },
    {
      "identity" : "uimagicdropdown",
      "kind" : "remoteSourceControl",
      "location" : "https://github.com/CodeNationDev/UIMagicDropDown",
      "state" : {
        "revision" : "e2cc3855c2a09af938e6abd74924646ef12dd4d9",
        "version" : "1.2.1"
      }
    }
  ],
  "version" : 2
}
